{
  "version": 4,
  "terraform_version": "1.5.3",
  "serial": 86,
  "lineage": "c5f013a3-bbb4-4a02-b62d-a56a5f3db737",
  "outputs": {},
  "resources": [
    {
      "mode": "data",
      "type": "azurerm_resource_group",
      "name": "main",
      "provider": "provider[\"registry.terraform.io/hashicorp/azurerm\"]",
      "instances": [
        {
          "schema_version": 0,
          "attributes": {
            "id": "/subscriptions/72452951-68DC-409E-9588-6F0A85306411/resourceGroups/gch-rg-weu-prod-shared-connectivity-zcc-01",
            "location": "westeurope",
            "name": "gch-rg-weu-prod-shared-connectivity-zcc-01",
            "tags": {
              "ApplicationSupport": "GenpactProxySupport@genpact.com",
              "BusinessVertical": "CorpIT",
              "CCCode": "180",
              "Department": "shared",
              "Owner": "sandeep.singh7@genpact.com",
              "OwnerSupervisor": "mohit.rawat2@genpact.com",
              "PID": "shared",
              "ProjectName": "GCH Europe Azure Landing Zone",
              "ProvisionedBy": "Terraform",
              "ProvisioningSR": "CHG0079549",
              "SDOCode": "8561",
              "Stack": "Prod",
              "supportcost": "$"
            },
            "timeouts": null
          },
          "sensitive_attributes": []
        }
      ]
    },
    {
      "mode": "data",
      "type": "azurerm_virtual_network",
      "name": "vnet",
      "provider": "provider[\"registry.terraform.io/hashicorp/azurerm\"]",
      "instances": [
        {
          "schema_version": 0,
          "attributes": {
            "address_space": [
              "10.251.190.0/23"
            ],
            "dns_servers": [],
            "guid": "e17dc51d-dfc1-40bc-9615-45e410b7b89a",
            "id": "/subscriptions/72452951-68dc-409e-9588-6f0a85306411/resourceGroups/gch-rg-weu-prod-shared-connectivity-zcc-network/providers/Microsoft.Network/virtualNetworks/gch-weu-shared-internet",
            "location": "westeurope",
            "name": "gch-weu-shared-internet",
            "resource_group_name": "gch-rg-weu-prod-shared-connectivity-zcc-network",
            "subnets": [
              "gch-snet-weu-shared-zcc-app-02",
              "gch-snet-weu-shared-zcc-app-01",
              "gch-snet-weu-shared-zcc-app-03"
            ],
            "timeouts": null,
            "vnet_peerings": {
              "RemoteVnetToHubPeering_8983c89e-840e-44a0-9024-1f534907a94a": "/subscriptions/c1cb683e-044f-46f9-b180-1918eca20ea9/resourceGroups/RG_gch-vhub-weu-shared_74efc9bc-6dd1-4d5f-b53f-7f07f05e12e7/providers/Microsoft.Network/virtualNetworks/HV_gch-vhub-weu-shared_981759c2-df71-435f-842e-151ef59ead86"
            }
          },
          "sensitive_attributes": []
        }
      ]
    },
    {
      "mode": "managed",
      "type": "azurerm_nat_gateway",
      "name": "nat-gw",
      "provider": "provider[\"registry.terraform.io/hashicorp/azurerm\"]",
      "instances": [
        {
          "index_key": 0,
          "schema_version": 0,
          "attributes": {
            "id": "/subscriptions/72452951-68dc-409e-9588-6f0a85306411/resourceGroups/gch-rg-weu-prod-shared-connectivity-zcc-01/providers/Microsoft.Network/natGateways/gch-nat-weu-prod-zcc-01",
            "idle_timeout_in_minutes": 10,
            "location": "westeurope",
            "name": "gch-nat-weu-prod-zcc-01",
            "public_ip_address_ids": [
              "/subscriptions/72452951-68dc-409e-9588-6f0a85306411/resourceGroups/gch-rg-weu-prod-shared-connectivity-zcc-01/providers/Microsoft.Network/publicIPAddresses/gch-pip-weu-prod-zcc-01"
            ],
            "public_ip_prefix_ids": [],
            "resource_group_name": "gch-rg-weu-prod-shared-connectivity-zcc-01",
            "resource_guid": "fb7c68cc-3d52-4b38-8152-77cfe80efa32",
            "sku_name": "Standard",
            "tags": {
              "ApplicationSupport": "GenpactProxySupport@genpact.com",
              "BusinessVertical": "CorpIT",
              "CCCode": "180",
              "Department": "shared",
              "Owner": "keshav.rajput@genpact.com",
              "OwnerSupervisor": "gaurav.demiwal@genpact.com",
              "PID": "shared",
              "ProjectName": "GCH Europe Azure Landing Zone",
              "ProvisionedBy": "Terraform",
              "ProvisioningSR": "CHG0079549",
              "SDOCode": "8561",
              "Stack": "Prod",
              "supportcost": "$"
            },
            "timeouts": null,
            "zones": [
              "1"
            ]
          },
          "sensitive_attributes": [],
          "private": "eyJlMmJmYjczMC1lY2FhLTExZTYtOGY4OC0zNDM2M2JjN2M0YzAiOnsiY3JlYXRlIjozNjAwMDAwMDAwMDAwLCJkZWxldGUiOjM2MDAwMDAwMDAwMDAsInJlYWQiOjMwMDAwMDAwMDAwMCwidXBkYXRlIjozNjAwMDAwMDAwMDAwfX0=",
          "dependencies": [
            "data.azurerm_resource_group.main"
          ]
        },
        {
          "index_key": 1,
          "schema_version": 0,
          "attributes": {
            "id": "/subscriptions/72452951-68dc-409e-9588-6f0a85306411/resourceGroups/gch-rg-weu-prod-shared-connectivity-zcc-01/providers/Microsoft.Network/natGateways/gch-nat-weu-prod-zcc-02",
            "idle_timeout_in_minutes": 10,
            "location": "westeurope",
            "name": "gch-nat-weu-prod-zcc-02",
            "public_ip_address_ids": [
              "/subscriptions/72452951-68dc-409e-9588-6f0a85306411/resourceGroups/gch-rg-weu-prod-shared-connectivity-zcc-01/providers/Microsoft.Network/publicIPAddresses/gch-pip-weu-prod-zcc-02"
            ],
            "public_ip_prefix_ids": [],
            "resource_group_name": "gch-rg-weu-prod-shared-connectivity-zcc-01",
            "resource_guid": "32fc8a2f-91ae-4132-8939-1686fd0590b5",
            "sku_name": "Standard",
            "tags": {
              "ApplicationSupport": "GenpactProxySupport@genpact.com",
              "BusinessVertical": "CorpIT",
              "CCCode": "180",
              "Department": "shared",
              "Owner": "keshav.rajput@genpact.com",
              "OwnerSupervisor": "gaurav.demiwal@genpact.com",
              "PID": "shared",
              "ProjectName": "GCH Europe Azure Landing Zone",
              "ProvisionedBy": "Terraform",
              "ProvisioningSR": "CHG0079549",
              "SDOCode": "8561",
              "Stack": "Prod",
              "supportcost": "$"
            },
            "timeouts": null,
            "zones": [
              "2"
            ]
          },
          "sensitive_attributes": [],
          "private": "eyJlMmJmYjczMC1lY2FhLTExZTYtOGY4OC0zNDM2M2JjN2M0YzAiOnsiY3JlYXRlIjozNjAwMDAwMDAwMDAwLCJkZWxldGUiOjM2MDAwMDAwMDAwMDAsInJlYWQiOjMwMDAwMDAwMDAwMCwidXBkYXRlIjozNjAwMDAwMDAwMDAwfX0=",
          "dependencies": [
            "data.azurerm_resource_group.main"
          ]
        },
        {
          "index_key": 2,
          "schema_version": 0,
          "attributes": {
            "id": "/subscriptions/72452951-68dc-409e-9588-6f0a85306411/resourceGroups/gch-rg-weu-prod-shared-connectivity-zcc-01/providers/Microsoft.Network/natGateways/gch-nat-weu-prod-zcc-03",
            "idle_timeout_in_minutes": 10,
            "location": "westeurope",
            "name": "gch-nat-weu-prod-zcc-03",
            "public_ip_address_ids": [
              "/subscriptions/72452951-68dc-409e-9588-6f0a85306411/resourceGroups/gch-rg-weu-prod-shared-connectivity-zcc-01/providers/Microsoft.Network/publicIPAddresses/gch-pip-weu-prod-zcc-03"
            ],
            "public_ip_prefix_ids": [],
            "resource_group_name": "gch-rg-weu-prod-shared-connectivity-zcc-01",
            "resource_guid": "8cd1e84e-c477-4393-9ff4-5aa149e43d26",
            "sku_name": "Standard",
            "tags": {
              "ApplicationSupport": "GenpactProxySupport@genpact.com",
              "BusinessVertical": "CorpIT",
              "CCCode": "180",
              "Department": "shared",
              "Owner": "keshav.rajput@genpact.com",
              "OwnerSupervisor": "gaurav.demiwal@genpact.com",
              "PID": "shared",
              "ProjectName": "GCH Europe Azure Landing Zone",
              "ProvisionedBy": "Terraform",
              "ProvisioningSR": "CHG0079549",
              "SDOCode": "8561",
              "Stack": "Prod",
              "supportcost": "$"
            },
            "timeouts": null,
            "zones": [
              "3"
            ]
          },
          "sensitive_attributes": [],
          "private": "eyJlMmJmYjczMC1lY2FhLTExZTYtOGY4OC0zNDM2M2JjN2M0YzAiOnsiY3JlYXRlIjozNjAwMDAwMDAwMDAwLCJkZWxldGUiOjM2MDAwMDAwMDAwMDAsInJlYWQiOjMwMDAwMDAwMDAwMCwidXBkYXRlIjozNjAwMDAwMDAwMDAwfX0=",
          "dependencies": [
            "data.azurerm_resource_group.main"
          ]
        }
      ]
    },
    {
      "mode": "managed",
      "type": "azurerm_nat_gateway_public_ip_association",
      "name": "nat-gw-association1",
      "provider": "provider[\"registry.terraform.io/hashicorp/azurerm\"]",
      "instances": [
        {
          "index_key": 0,
          "schema_version": 0,
          "attributes": {
            "id": "/subscriptions/72452951-68dc-409e-9588-6f0a85306411/resourceGroups/gch-rg-weu-prod-shared-connectivity-zcc-01/providers/Microsoft.Network/natGateways/gch-nat-weu-prod-zcc-01|/subscriptions/72452951-68dc-409e-9588-6f0a85306411/resourceGroups/gch-rg-weu-prod-shared-connectivity-zcc-01/providers/Microsoft.Network/publicIPAddresses/gch-pip-weu-prod-zcc-01",
            "nat_gateway_id": "/subscriptions/72452951-68dc-409e-9588-6f0a85306411/resourceGroups/gch-rg-weu-prod-shared-connectivity-zcc-01/providers/Microsoft.Network/natGateways/gch-nat-weu-prod-zcc-01",
            "public_ip_address_id": "/subscriptions/72452951-68dc-409e-9588-6f0a85306411/resourceGroups/gch-rg-weu-prod-shared-connectivity-zcc-01/providers/Microsoft.Network/publicIPAddresses/gch-pip-weu-prod-zcc-01",
            "timeouts": null
          },
          "sensitive_attributes": [],
          "private": "eyJlMmJmYjczMC1lY2FhLTExZTYtOGY4OC0zNDM2M2JjN2M0YzAiOnsiY3JlYXRlIjoxODAwMDAwMDAwMDAwLCJkZWxldGUiOjE4MDAwMDAwMDAwMDAsInJlYWQiOjMwMDAwMDAwMDAwMH19",
          "dependencies": [
            "azurerm_nat_gateway.nat-gw",
            "azurerm_public_ip.nat-pip",
            "data.azurerm_resource_group.main"
          ]
        },
        {
          "index_key": 1,
          "schema_version": 0,
          "attributes": {
            "id": "/subscriptions/72452951-68dc-409e-9588-6f0a85306411/resourceGroups/gch-rg-weu-prod-shared-connectivity-zcc-01/providers/Microsoft.Network/natGateways/gch-nat-weu-prod-zcc-02|/subscriptions/72452951-68dc-409e-9588-6f0a85306411/resourceGroups/gch-rg-weu-prod-shared-connectivity-zcc-01/providers/Microsoft.Network/publicIPAddresses/gch-pip-weu-prod-zcc-02",
            "nat_gateway_id": "/subscriptions/72452951-68dc-409e-9588-6f0a85306411/resourceGroups/gch-rg-weu-prod-shared-connectivity-zcc-01/providers/Microsoft.Network/natGateways/gch-nat-weu-prod-zcc-02",
            "public_ip_address_id": "/subscriptions/72452951-68dc-409e-9588-6f0a85306411/resourceGroups/gch-rg-weu-prod-shared-connectivity-zcc-01/providers/Microsoft.Network/publicIPAddresses/gch-pip-weu-prod-zcc-02",
            "timeouts": null
          },
          "sensitive_attributes": [],
          "private": "eyJlMmJmYjczMC1lY2FhLTExZTYtOGY4OC0zNDM2M2JjN2M0YzAiOnsiY3JlYXRlIjoxODAwMDAwMDAwMDAwLCJkZWxldGUiOjE4MDAwMDAwMDAwMDAsInJlYWQiOjMwMDAwMDAwMDAwMH19",
          "dependencies": [
            "azurerm_nat_gateway.nat-gw",
            "azurerm_public_ip.nat-pip",
            "data.azurerm_resource_group.main"
          ]
        },
        {
          "index_key": 2,
          "schema_version": 0,
          "attributes": {
            "id": "/subscriptions/72452951-68dc-409e-9588-6f0a85306411/resourceGroups/gch-rg-weu-prod-shared-connectivity-zcc-01/providers/Microsoft.Network/natGateways/gch-nat-weu-prod-zcc-03|/subscriptions/72452951-68dc-409e-9588-6f0a85306411/resourceGroups/gch-rg-weu-prod-shared-connectivity-zcc-01/providers/Microsoft.Network/publicIPAddresses/gch-pip-weu-prod-zcc-03",
            "nat_gateway_id": "/subscriptions/72452951-68dc-409e-9588-6f0a85306411/resourceGroups/gch-rg-weu-prod-shared-connectivity-zcc-01/providers/Microsoft.Network/natGateways/gch-nat-weu-prod-zcc-03",
            "public_ip_address_id": "/subscriptions/72452951-68dc-409e-9588-6f0a85306411/resourceGroups/gch-rg-weu-prod-shared-connectivity-zcc-01/providers/Microsoft.Network/publicIPAddresses/gch-pip-weu-prod-zcc-03",
            "timeouts": null
          },
          "sensitive_attributes": [],
          "private": "eyJlMmJmYjczMC1lY2FhLTExZTYtOGY4OC0zNDM2M2JjN2M0YzAiOnsiY3JlYXRlIjoxODAwMDAwMDAwMDAwLCJkZWxldGUiOjE4MDAwMDAwMDAwMDAsInJlYWQiOjMwMDAwMDAwMDAwMH19",
          "dependencies": [
            "azurerm_nat_gateway.nat-gw",
            "azurerm_public_ip.nat-pip",
            "data.azurerm_resource_group.main"
          ]
        }
      ]
    },
    {
      "mode": "managed",
      "type": "azurerm_public_ip",
      "name": "nat-pip",
      "provider": "provider[\"registry.terraform.io/hashicorp/azurerm\"]",
      "instances": [
        {
          "index_key": 0,
          "schema_version": 0,
          "attributes": {
            "allocation_method": "Static",
            "domain_name_label": null,
            "fqdn": null,
            "id": "/subscriptions/72452951-68dc-409e-9588-6f0a85306411/resourceGroups/gch-rg-weu-prod-shared-connectivity-zcc-01/providers/Microsoft.Network/publicIPAddresses/gch-pip-weu-prod-zcc-01",
            "idle_timeout_in_minutes": 30,
            "ip_address": "74.234.155.7",
            "ip_version": "IPv4",
            "location": "westeurope",
            "name": "gch-pip-weu-prod-zcc-01",
            "public_ip_prefix_id": null,
            "resource_group_name": "gch-rg-weu-prod-shared-connectivity-zcc-01",
            "reverse_fqdn": null,
            "sku": "Standard",
            "tags": {
              "ApplicationSupport": "GenpactProxySupport@genpact.com",
              "BusinessVertical": "CorpIT",
              "CCCode": "180",
              "Department": "shared",
              "Owner": "keshav.rajput@genpact.com",
              "OwnerSupervisor": "gaurav.demiwal@genpact.com",
              "PID": "shared",
              "ProjectName": "GCH Europe Azure Landing Zone",
              "ProvisionedBy": "Terraform",
              "ProvisioningSR": "CHG0079549",
              "SDOCode": "8561",
              "Stack": "Prod",
              "supportcost": "$"
            },
            "timeouts": null,
            "zones": [
              "1"
            ]
          },
          "sensitive_attributes": [],
          "private": "eyJlMmJmYjczMC1lY2FhLTExZTYtOGY4OC0zNDM2M2JjN2M0YzAiOnsiY3JlYXRlIjoxODAwMDAwMDAwMDAwLCJkZWxldGUiOjE4MDAwMDAwMDAwMDAsInJlYWQiOjMwMDAwMDAwMDAwMCwidXBkYXRlIjoxODAwMDAwMDAwMDAwfX0=",
          "dependencies": [
            "data.azurerm_resource_group.main"
          ]
        },
        {
          "index_key": 1,
          "schema_version": 0,
          "attributes": {
            "allocation_method": "Static",
            "domain_name_label": null,
            "fqdn": null,
            "id": "/subscriptions/72452951-68dc-409e-9588-6f0a85306411/resourceGroups/gch-rg-weu-prod-shared-connectivity-zcc-01/providers/Microsoft.Network/publicIPAddresses/gch-pip-weu-prod-zcc-02",
            "idle_timeout_in_minutes": 30,
            "ip_address": "108.143.219.3",
            "ip_version": "IPv4",
            "location": "westeurope",
            "name": "gch-pip-weu-prod-zcc-02",
            "public_ip_prefix_id": null,
            "resource_group_name": "gch-rg-weu-prod-shared-connectivity-zcc-01",
            "reverse_fqdn": null,
            "sku": "Standard",
            "tags": {
              "ApplicationSupport": "GenpactProxySupport@genpact.com",
              "BusinessVertical": "CorpIT",
              "CCCode": "180",
              "Department": "shared",
              "Owner": "keshav.rajput@genpact.com",
              "OwnerSupervisor": "gaurav.demiwal@genpact.com",
              "PID": "shared",
              "ProjectName": "GCH Europe Azure Landing Zone",
              "ProvisionedBy": "Terraform",
              "ProvisioningSR": "CHG0079549",
              "SDOCode": "8561",
              "Stack": "Prod",
              "supportcost": "$"
            },
            "timeouts": null,
            "zones": [
              "2"
            ]
          },
          "sensitive_attributes": [],
          "private": "eyJlMmJmYjczMC1lY2FhLTExZTYtOGY4OC0zNDM2M2JjN2M0YzAiOnsiY3JlYXRlIjoxODAwMDAwMDAwMDAwLCJkZWxldGUiOjE4MDAwMDAwMDAwMDAsInJlYWQiOjMwMDAwMDAwMDAwMCwidXBkYXRlIjoxODAwMDAwMDAwMDAwfX0=",
          "dependencies": [
            "data.azurerm_resource_group.main"
          ]
        },
        {
          "index_key": 2,
          "schema_version": 0,
          "attributes": {
            "allocation_method": "Static",
            "domain_name_label": null,
            "fqdn": null,
            "id": "/subscriptions/72452951-68dc-409e-9588-6f0a85306411/resourceGroups/gch-rg-weu-prod-shared-connectivity-zcc-01/providers/Microsoft.Network/publicIPAddresses/gch-pip-weu-prod-zcc-03",
            "idle_timeout_in_minutes": 30,
            "ip_address": "4.231.88.203",
            "ip_version": "IPv4",
            "location": "westeurope",
            "name": "gch-pip-weu-prod-zcc-03",
            "public_ip_prefix_id": null,
            "resource_group_name": "gch-rg-weu-prod-shared-connectivity-zcc-01",
            "reverse_fqdn": null,
            "sku": "Standard",
            "tags": {
              "ApplicationSupport": "GenpactProxySupport@genpact.com",
              "BusinessVertical": "CorpIT",
              "CCCode": "180",
              "Department": "shared",
              "Owner": "keshav.rajput@genpact.com",
              "OwnerSupervisor": "gaurav.demiwal@genpact.com",
              "PID": "shared",
              "ProjectName": "GCH Europe Azure Landing Zone",
              "ProvisionedBy": "Terraform",
              "ProvisioningSR": "CHG0079549",
              "SDOCode": "8561",
              "Stack": "Prod",
              "supportcost": "$"
            },
            "timeouts": null,
            "zones": [
              "3"
            ]
          },
          "sensitive_attributes": [],
          "private": "eyJlMmJmYjczMC1lY2FhLTExZTYtOGY4OC0zNDM2M2JjN2M0YzAiOnsiY3JlYXRlIjoxODAwMDAwMDAwMDAwLCJkZWxldGUiOjE4MDAwMDAwMDAwMDAsInJlYWQiOjMwMDAwMDAwMDAwMCwidXBkYXRlIjoxODAwMDAwMDAwMDAwfX0=",
          "dependencies": [
            "data.azurerm_resource_group.main"
          ]
        }
      ]
    },
    {
      "mode": "managed",
      "type": "azurerm_subnet",
      "name": "cc-subnet",
      "provider": "provider[\"registry.terraform.io/hashicorp/azurerm\"]",
      "instances": [
        {
          "index_key": 0,
          "schema_version": 0,
          "attributes": {
            "address_prefix": "10.251.190.0/26",
            "address_prefixes": [
              "10.251.190.0/26"
            ],
            "delegation": [],
            "enforce_private_link_endpoint_network_policies": false,
            "enforce_private_link_service_network_policies": false,
            "id": "/subscriptions/72452951-68dc-409e-9588-6f0a85306411/resourceGroups/gch-rg-weu-prod-shared-connectivity-zcc-network/providers/Microsoft.Network/virtualNetworks/gch-weu-shared-internet/subnets/gch-snet-weu-shared-zcc-app-01",
            "name": "gch-snet-weu-shared-zcc-app-01",
            "resource_group_name": "gch-rg-weu-prod-shared-connectivity-zcc-network",
            "service_endpoint_policy_ids": [],
            "service_endpoints": [],
            "timeouts": null,
            "virtual_network_name": "gch-weu-shared-internet"
          },
          "sensitive_attributes": [],
          "private": "eyJlMmJmYjczMC1lY2FhLTExZTYtOGY4OC0zNDM2M2JjN2M0YzAiOnsiY3JlYXRlIjoxODAwMDAwMDAwMDAwLCJkZWxldGUiOjE4MDAwMDAwMDAwMDAsInJlYWQiOjMwMDAwMDAwMDAwMCwidXBkYXRlIjoxODAwMDAwMDAwMDAwfX0=",
          "dependencies": [
            "data.azurerm_virtual_network.vnet"
          ]
        },
        {
          "index_key": 1,
          "schema_version": 0,
          "attributes": {
            "address_prefix": "10.251.190.64/26",
            "address_prefixes": [
              "10.251.190.64/26"
            ],
            "delegation": [],
            "enforce_private_link_endpoint_network_policies": false,
            "enforce_private_link_service_network_policies": false,
            "id": "/subscriptions/72452951-68dc-409e-9588-6f0a85306411/resourceGroups/gch-rg-weu-prod-shared-connectivity-zcc-network/providers/Microsoft.Network/virtualNetworks/gch-weu-shared-internet/subnets/gch-snet-weu-shared-zcc-app-02",
            "name": "gch-snet-weu-shared-zcc-app-02",
            "resource_group_name": "gch-rg-weu-prod-shared-connectivity-zcc-network",
            "service_endpoint_policy_ids": [],
            "service_endpoints": [],
            "timeouts": null,
            "virtual_network_name": "gch-weu-shared-internet"
          },
          "sensitive_attributes": [],
          "private": "eyJlMmJmYjczMC1lY2FhLTExZTYtOGY4OC0zNDM2M2JjN2M0YzAiOnsiY3JlYXRlIjoxODAwMDAwMDAwMDAwLCJkZWxldGUiOjE4MDAwMDAwMDAwMDAsInJlYWQiOjMwMDAwMDAwMDAwMCwidXBkYXRlIjoxODAwMDAwMDAwMDAwfX0=",
          "dependencies": [
            "data.azurerm_virtual_network.vnet"
          ]
        },
        {
          "index_key": 2,
          "schema_version": 0,
          "attributes": {
            "address_prefix": "10.251.190.128/26",
            "address_prefixes": [
              "10.251.190.128/26"
            ],
            "delegation": [],
            "enforce_private_link_endpoint_network_policies": false,
            "enforce_private_link_service_network_policies": false,
            "id": "/subscriptions/72452951-68dc-409e-9588-6f0a85306411/resourceGroups/gch-rg-weu-prod-shared-connectivity-zcc-network/providers/Microsoft.Network/virtualNetworks/gch-weu-shared-internet/subnets/gch-snet-weu-shared-zcc-app-03",
            "name": "gch-snet-weu-shared-zcc-app-03",
            "resource_group_name": "gch-rg-weu-prod-shared-connectivity-zcc-network",
            "service_endpoint_policy_ids": [],
            "service_endpoints": [],
            "timeouts": null,
            "virtual_network_name": "gch-weu-shared-internet"
          },
          "sensitive_attributes": [],
          "private": "eyJlMmJmYjczMC1lY2FhLTExZTYtOGY4OC0zNDM2M2JjN2M0YzAiOnsiY3JlYXRlIjoxODAwMDAwMDAwMDAwLCJkZWxldGUiOjE4MDAwMDAwMDAwMDAsInJlYWQiOjMwMDAwMDAwMDAwMCwidXBkYXRlIjoxODAwMDAwMDAwMDAwfX0=",
          "dependencies": [
            "data.azurerm_virtual_network.vnet"
          ]
        }
      ]
    },
    {
      "mode": "managed",
      "type": "azurerm_subnet_nat_gateway_association",
      "name": "subnet-nat-association-ec",
      "provider": "provider[\"registry.terraform.io/hashicorp/azurerm\"]",
      "instances": [
        {
          "index_key": 0,
          "schema_version": 0,
          "attributes": {
            "id": "/subscriptions/72452951-68dc-409e-9588-6f0a85306411/resourceGroups/gch-rg-weu-prod-shared-connectivity-zcc-network/providers/Microsoft.Network/virtualNetworks/gch-weu-shared-internet/subnets/gch-snet-weu-shared-zcc-app-01",
            "nat_gateway_id": "/subscriptions/72452951-68dc-409e-9588-6f0a85306411/resourceGroups/gch-rg-weu-prod-shared-connectivity-zcc-01/providers/Microsoft.Network/natGateways/gch-nat-weu-prod-zcc-01",
            "subnet_id": "/subscriptions/72452951-68dc-409e-9588-6f0a85306411/resourceGroups/gch-rg-weu-prod-shared-connectivity-zcc-network/providers/Microsoft.Network/virtualNetworks/gch-weu-shared-internet/subnets/gch-snet-weu-shared-zcc-app-01",
            "timeouts": null
          },
          "sensitive_attributes": [],
          "private": "eyJlMmJmYjczMC1lY2FhLTExZTYtOGY4OC0zNDM2M2JjN2M0YzAiOnsiY3JlYXRlIjoxODAwMDAwMDAwMDAwLCJkZWxldGUiOjE4MDAwMDAwMDAwMDAsInJlYWQiOjMwMDAwMDAwMDAwMCwidXBkYXRlIjoxODAwMDAwMDAwMDAwfX0=",
          "dependencies": [
            "azurerm_nat_gateway.nat-gw",
            "azurerm_subnet.cc-subnet",
            "data.azurerm_resource_group.main",
            "data.azurerm_virtual_network.vnet"
          ]
        },
        {
          "index_key": 1,
          "schema_version": 0,
          "attributes": {
            "id": "/subscriptions/72452951-68dc-409e-9588-6f0a85306411/resourceGroups/gch-rg-weu-prod-shared-connectivity-zcc-network/providers/Microsoft.Network/virtualNetworks/gch-weu-shared-internet/subnets/gch-snet-weu-shared-zcc-app-02",
            "nat_gateway_id": "/subscriptions/72452951-68dc-409e-9588-6f0a85306411/resourceGroups/gch-rg-weu-prod-shared-connectivity-zcc-01/providers/Microsoft.Network/natGateways/gch-nat-weu-prod-zcc-02",
            "subnet_id": "/subscriptions/72452951-68dc-409e-9588-6f0a85306411/resourceGroups/gch-rg-weu-prod-shared-connectivity-zcc-network/providers/Microsoft.Network/virtualNetworks/gch-weu-shared-internet/subnets/gch-snet-weu-shared-zcc-app-02",
            "timeouts": null
          },
          "sensitive_attributes": [],
          "private": "eyJlMmJmYjczMC1lY2FhLTExZTYtOGY4OC0zNDM2M2JjN2M0YzAiOnsiY3JlYXRlIjoxODAwMDAwMDAwMDAwLCJkZWxldGUiOjE4MDAwMDAwMDAwMDAsInJlYWQiOjMwMDAwMDAwMDAwMCwidXBkYXRlIjoxODAwMDAwMDAwMDAwfX0=",
          "dependencies": [
            "azurerm_nat_gateway.nat-gw",
            "azurerm_subnet.cc-subnet",
            "data.azurerm_resource_group.main",
            "data.azurerm_virtual_network.vnet"
          ]
        },
        {
          "index_key": 2,
          "schema_version": 0,
          "attributes": {
            "id": "/subscriptions/72452951-68dc-409e-9588-6f0a85306411/resourceGroups/gch-rg-weu-prod-shared-connectivity-zcc-network/providers/Microsoft.Network/virtualNetworks/gch-weu-shared-internet/subnets/gch-snet-weu-shared-zcc-app-03",
            "nat_gateway_id": "/subscriptions/72452951-68dc-409e-9588-6f0a85306411/resourceGroups/gch-rg-weu-prod-shared-connectivity-zcc-01/providers/Microsoft.Network/natGateways/gch-nat-weu-prod-zcc-03",
            "subnet_id": "/subscriptions/72452951-68dc-409e-9588-6f0a85306411/resourceGroups/gch-rg-weu-prod-shared-connectivity-zcc-network/providers/Microsoft.Network/virtualNetworks/gch-weu-shared-internet/subnets/gch-snet-weu-shared-zcc-app-03",
            "timeouts": null
          },
          "sensitive_attributes": [],
          "private": "eyJlMmJmYjczMC1lY2FhLTExZTYtOGY4OC0zNDM2M2JjN2M0YzAiOnsiY3JlYXRlIjoxODAwMDAwMDAwMDAwLCJkZWxldGUiOjE4MDAwMDAwMDAwMDAsInJlYWQiOjMwMDAwMDAwMDAwMCwidXBkYXRlIjoxODAwMDAwMDAwMDAwfX0=",
          "dependencies": [
            "azurerm_nat_gateway.nat-gw",
            "azurerm_subnet.cc-subnet",
            "data.azurerm_resource_group.main",
            "data.azurerm_virtual_network.vnet"
          ]
        }
      ]
    },
    {
      "mode": "managed",
      "type": "local_file",
      "name": "ssh-key",
      "provider": "provider[\"registry.terraform.io/hashicorp/local\"]",
      "instances": [
        {
          "schema_version": 0,
          "attributes": {
            "content": "-----BEGIN RSA PRIVATE KEY-----\nMIIEogIBAAKCAQEA41QokvfU2tw1INmtuwdFtymwsoPjhLmYbdFzYPyC4w9hvvCl\nP7gxogqwZVLWlLVfuii9WgkqU7EnzaXRPCo6+ooeXvCXehF20idsKdITc6S2Itmx\nieu09H6b29DbgkdDYDovnh4Kw9FhxwRG1O1uQuB3uV3lgikQ9SHk/OrQaqtMzpj3\n6VbGUJ4aay1MUX8xqzkkoZ/e6Y3x/M6hcPoxBYmBEFjvJ1mRuBF32X2F8qVtuqEy\nUZUDm9DP6HH2xxWOrUvoSFZdBaMObQNUL62MuFABZ4UMri4U0XXequlMxus0Ii9F\npz1hOhIpvjP4zDuRBR8s4XMZ1Su6w3WFV/+I2QIDAQABAoIBAHU+7aJHUjADDR/B\nRXpF2O4MAYdAwLKuqnBRa4mlEribMVWydfg0Pt0NWEcZ/3Q5S4MPCgIK4hrCLv5A\nvHakbUDUxa8/tVCO+1KOZJn5MHEfjZTR5GB3AiBrwGUSBnTd3mEeAXsykWjHb/+e\nNA4T2x+A+B7Rz9Je7dEQRzMuxImOkS5of65m7yM73W6u1FOBw9vsvj3yf+r58ZIB\n65hWqPwKqYDejwLkit4ejjggrwmUvjSF407VLQCzmteEzEfSkHPcwiEv8d9KoqQq\n5b9O0j2ECfSRgYO/ZUBN0WmU7b19r6JPP67kF9OHMFpRhxJd51DWhFMZ7em+hFl4\nZrnuX5ECgYEA9dCK3InpBH1bfNksWSCuBp9JAGpKWgJ0pAY+RBhIeff/S3pLq3c3\no7/TEOLK4+lZIcsTuByBbO7PbKLfHnwgG5rTNNVvnLnj8cr38pMIi5kgNLj19/zJ\n8/5kl5CG91hVuZldNFP6c/8yg7IFLoo6MoygKXR0qLWZvBLnk5MEXYUCgYEA7L+H\nWrCjJd2RbD0ILNy3seRQtJThGL0QzXuKOa/096i+X4SWF65g+aamDckHY7HiMp1e\niV9AQn6ehgyo4OBxYGRfUFjLS7/XLoQd1OH2cr+DW2eHZJI9svZK3PBcx5xJxzYG\nfE+TII1xQyNlrnxYlzMwq1x3UZTHOuDWxaJ/REUCgYAqiZ0ODvt44GyNjVNkVQho\ncvYCEWKuctBWdhIeXIlmOek+2XnwwR+qwY431NdBW2cmNutBqAUpoaXZadHsh5RS\n0pcMBIdc+rocZIBFxPXsmmH9XaiK8n7ML1Ce/c6tTOcAyC5d2M51dkr6iTrmU9tA\nVh99LP7nFw30gtz6J63QtQKBgHAXGonIueXyqqiZmOZMtjhmhgOJva2NzofLZx16\n/rvHTCNDTiD2Mfnhehtqw7HjBdq7AYh+7ZjOBFYpZkfaXDOsMiiDcfVyZfojGVCy\nj5GytQmw0by/NLEnxTgoIXVsvM2x+Y4fyuQNs8N63ein/PXRiciIZgHdNBrfWzCF\niEYVAoGAHab7KtflA243ec4FEhNlOvRr50/+xOyyKpNo/FgYXE0TgePQwYcUerKI\nn5//pI1E+CMVbIp9QiQ6/A9OIVxTYCM72wqYFbwCCcjcDoFCsWB2pQGJCUIMozCS\nImVXNxWJid25Yr8jtuch0gqqNAn7tyfPKEeB0BHMs1AmWUrzEcM=\n-----END RSA PRIVATE KEY-----\n",
            "content_base64": null,
            "directory_permission": "0777",
            "file_permission": "0777",
            "filename": "ssh-key.pem",
            "id": "2afddb2622edbaf94a3335c936425604af37a1da",
            "sensitive_content": null,
            "source": null
          },
          "sensitive_attributes": [
            [
              {
                "type": "get_attr",
                "value": "content"
              }
            ]
          ],
          "private": "bnVsbA==",
          "dependencies": [
            "tls_private_key.key"
          ]
        }
      ]
    },
    {
      "mode": "managed",
      "type": "local_file",
      "name": "user-data-file",
      "provider": "provider[\"registry.terraform.io/hashicorp/local\"]",
      "instances": [
        {
          "schema_version": 0,
          "attributes": {
            "content": "[ZSCALER]\nCC_URL=connector.zscalerthree.net/api/v1/provUrl?name=GENPACTAZUREPT\nAZURE_VAULT_URL=https://gchakvweupzcc01.vault.azure.net/\nHTTP_PROBE_PORT=50000\n",
            "content_base64": null,
            "directory_permission": "0777",
            "file_permission": "0777",
            "filename": "user_data",
            "id": "1cfd270eac02a0475c7d2a42fff63fa6d6a7be91",
            "sensitive_content": null,
            "source": null
          },
          "sensitive_attributes": [],
          "private": "bnVsbA=="
        }
      ]
    },
    {
      "mode": "managed",
      "type": "null_resource",
      "name": "save-key",
      "provider": "provider[\"registry.terraform.io/hashicorp/null\"]",
      "instances": [
        {
          "schema_version": 0,
          "attributes": {
            "id": "1441817383",
            "triggers": {
              "key": "-----BEGIN RSA PRIVATE KEY-----\nMIIEogIBAAKCAQEA41QokvfU2tw1INmtuwdFtymwsoPjhLmYbdFzYPyC4w9hvvCl\nP7gxogqwZVLWlLVfuii9WgkqU7EnzaXRPCo6+ooeXvCXehF20idsKdITc6S2Itmx\nieu09H6b29DbgkdDYDovnh4Kw9FhxwRG1O1uQuB3uV3lgikQ9SHk/OrQaqtMzpj3\n6VbGUJ4aay1MUX8xqzkkoZ/e6Y3x/M6hcPoxBYmBEFjvJ1mRuBF32X2F8qVtuqEy\nUZUDm9DP6HH2xxWOrUvoSFZdBaMObQNUL62MuFABZ4UMri4U0XXequlMxus0Ii9F\npz1hOhIpvjP4zDuRBR8s4XMZ1Su6w3WFV/+I2QIDAQABAoIBAHU+7aJHUjADDR/B\nRXpF2O4MAYdAwLKuqnBRa4mlEribMVWydfg0Pt0NWEcZ/3Q5S4MPCgIK4hrCLv5A\nvHakbUDUxa8/tVCO+1KOZJn5MHEfjZTR5GB3AiBrwGUSBnTd3mEeAXsykWjHb/+e\nNA4T2x+A+B7Rz9Je7dEQRzMuxImOkS5of65m7yM73W6u1FOBw9vsvj3yf+r58ZIB\n65hWqPwKqYDejwLkit4ejjggrwmUvjSF407VLQCzmteEzEfSkHPcwiEv8d9KoqQq\n5b9O0j2ECfSRgYO/ZUBN0WmU7b19r6JPP67kF9OHMFpRhxJd51DWhFMZ7em+hFl4\nZrnuX5ECgYEA9dCK3InpBH1bfNksWSCuBp9JAGpKWgJ0pAY+RBhIeff/S3pLq3c3\no7/TEOLK4+lZIcsTuByBbO7PbKLfHnwgG5rTNNVvnLnj8cr38pMIi5kgNLj19/zJ\n8/5kl5CG91hVuZldNFP6c/8yg7IFLoo6MoygKXR0qLWZvBLnk5MEXYUCgYEA7L+H\nWrCjJd2RbD0ILNy3seRQtJThGL0QzXuKOa/096i+X4SWF65g+aamDckHY7HiMp1e\niV9AQn6ehgyo4OBxYGRfUFjLS7/XLoQd1OH2cr+DW2eHZJI9svZK3PBcx5xJxzYG\nfE+TII1xQyNlrnxYlzMwq1x3UZTHOuDWxaJ/REUCgYAqiZ0ODvt44GyNjVNkVQho\ncvYCEWKuctBWdhIeXIlmOek+2XnwwR+qwY431NdBW2cmNutBqAUpoaXZadHsh5RS\n0pcMBIdc+rocZIBFxPXsmmH9XaiK8n7ML1Ce/c6tTOcAyC5d2M51dkr6iTrmU9tA\nVh99LP7nFw30gtz6J63QtQKBgHAXGonIueXyqqiZmOZMtjhmhgOJva2NzofLZx16\n/rvHTCNDTiD2Mfnhehtqw7HjBdq7AYh+7ZjOBFYpZkfaXDOsMiiDcfVyZfojGVCy\nj5GytQmw0by/NLEnxTgoIXVsvM2x+Y4fyuQNs8N63ein/PXRiciIZgHdNBrfWzCF\niEYVAoGAHab7KtflA243ec4FEhNlOvRr50/+xOyyKpNo/FgYXE0TgePQwYcUerKI\nn5//pI1E+CMVbIp9QiQ6/A9OIVxTYCM72wqYFbwCCcjcDoFCsWB2pQGJCUIMozCS\nImVXNxWJid25Yr8jtuch0gqqNAn7tyfPKEeB0BHMs1AmWUrzEcM=\n-----END RSA PRIVATE KEY-----\n"
            }
          },
          "sensitive_attributes": [
            [
              {
                "type": "get_attr",
                "value": "triggers"
              },
              {
                "type": "index",
                "value": {
                  "value": "key",
                  "type": "string"
                }
              }
            ]
          ],
          "private": "bnVsbA==",
          "dependencies": [
            "tls_private_key.key"
          ]
        }
      ]
    },
    {
      "mode": "managed",
      "type": "tls_private_key",
      "name": "key",
      "provider": "provider[\"registry.terraform.io/hashicorp/tls\"]",
      "instances": [
        {
          "schema_version": 1,
          "attributes": {
            "algorithm": "RSA",
            "ecdsa_curve": "P224",
            "id": "03d7c3500b79b94ab5b5c177f53ebd46460ef193",
            "private_key_openssh": "-----BEGIN OPENSSH PRIVATE KEY-----\nb3BlbnNzaC1rZXktdjEAAAAABG5vbmUAAAAEbm9uZQAAAAAAAAABAAABFwAAAAdz\nc2gtcnNhAAAAAwEAAQAAAQEA41QokvfU2tw1INmtuwdFtymwsoPjhLmYbdFzYPyC\n4w9hvvClP7gxogqwZVLWlLVfuii9WgkqU7EnzaXRPCo6+ooeXvCXehF20idsKdIT\nc6S2Itmxieu09H6b29DbgkdDYDovnh4Kw9FhxwRG1O1uQuB3uV3lgikQ9SHk/OrQ\naqtMzpj36VbGUJ4aay1MUX8xqzkkoZ/e6Y3x/M6hcPoxBYmBEFjvJ1mRuBF32X2F\n8qVtuqEyUZUDm9DP6HH2xxWOrUvoSFZdBaMObQNUL62MuFABZ4UMri4U0XXequlM\nxus0Ii9Fpz1hOhIpvjP4zDuRBR8s4XMZ1Su6w3WFV/+I2QAAA7jbyaU928mlPQAA\nAAdzc2gtcnNhAAABAQDjVCiS99Ta3DUg2a27B0W3KbCyg+OEuZht0XNg/ILjD2G+\n8KU/uDGiCrBlUtaUtV+6KL1aCSpTsSfNpdE8Kjr6ih5e8Jd6EXbSJ2wp0hNzpLYi\n2bGJ67T0fpvb0NuCR0NgOi+eHgrD0WHHBEbU7W5C4He5XeWCKRD1IeT86tBqq0zO\nmPfpVsZQnhprLUxRfzGrOSShn97pjfH8zqFw+jEFiYEQWO8nWZG4EXfZfYXypW26\noTJRlQOb0M/ocfbHFY6tS+hIVl0Fow5tA1QvrYy4UAFnhQyuLhTRdd6q6UzG6zQi\nL0WnPWE6Eim+M/jMO5EFHyzhcxnVK7rDdYVX/4jZAAAAAwEAAQAAAQB1Pu2iR1Iw\nAw0fwUV6RdjuDAGHQMCyrqpwUWuJpRK4mzFVsnX4ND7dDVhHGf90OUuDDwoCCuIa\nwi7+QLx2pG1A1MWvP7VQjvtSjmSZ+TBxH42U0eRgdwIga8BlEgZ03d5hHgF7MpFo\nx2//njQOE9sfgPge0c/SXu3REEczLsSJjpEuaH+uZu8jO91urtRTgcPb7L498n/q\n+fGSAeuYVqj8CqmA3o8C5IreHo44IK8JlL40heNO1S0As5rXhMxH0pBz3MIhL/Hf\nSqKkKuW/TtI9hAn0kYGDv2VATdFplO29fa+iTz+u5BfThzBaUYcSXedQ1oRTGe3p\nvoRZeGa57l+RAAAAgB2m+yrX5QNuN3nOBRITZTr0a+dP/sTssiqTaPxYGFxNE4Hj\n0MGHFHqyiJ+f/6SNRPgjFWyKfUIkOvwPTiFcU2AjO9sKmBW8AgnI3A6BQrFgdqUB\niQlCDKMwkiJlVzcViYnduWK/I7bnIdIKqjQJ+7cnzyhHgdARzLNQJllK8xHDAAAA\ngQD10IrciekEfVt82SxZIK4Gn0kAakpaAnSkBj5EGEh59/9Lekurdzejv9MQ4srj\n6VkhyxO4HIFs7s9sot8efCAbmtM01W+cuePxyvfykwiLmSA0uPX3/Mnz/mSXkIb3\nWFW5mV00U/pz/zKDsgUuijoyjKApdHSotZm8EueTkwRdhQAAAIEA7L+HWrCjJd2R\nbD0ILNy3seRQtJThGL0QzXuKOa/096i+X4SWF65g+aamDckHY7HiMp1eiV9AQn6e\nhgyo4OBxYGRfUFjLS7/XLoQd1OH2cr+DW2eHZJI9svZK3PBcx5xJxzYGfE+TII1x\nQyNlrnxYlzMwq1x3UZTHOuDWxaJ/REUAAAAAAQID\n-----END OPENSSH PRIVATE KEY-----\n",
            "private_key_pem": "-----BEGIN RSA PRIVATE KEY-----\nMIIEogIBAAKCAQEA41QokvfU2tw1INmtuwdFtymwsoPjhLmYbdFzYPyC4w9hvvCl\nP7gxogqwZVLWlLVfuii9WgkqU7EnzaXRPCo6+ooeXvCXehF20idsKdITc6S2Itmx\nieu09H6b29DbgkdDYDovnh4Kw9FhxwRG1O1uQuB3uV3lgikQ9SHk/OrQaqtMzpj3\n6VbGUJ4aay1MUX8xqzkkoZ/e6Y3x/M6hcPoxBYmBEFjvJ1mRuBF32X2F8qVtuqEy\nUZUDm9DP6HH2xxWOrUvoSFZdBaMObQNUL62MuFABZ4UMri4U0XXequlMxus0Ii9F\npz1hOhIpvjP4zDuRBR8s4XMZ1Su6w3WFV/+I2QIDAQABAoIBAHU+7aJHUjADDR/B\nRXpF2O4MAYdAwLKuqnBRa4mlEribMVWydfg0Pt0NWEcZ/3Q5S4MPCgIK4hrCLv5A\nvHakbUDUxa8/tVCO+1KOZJn5MHEfjZTR5GB3AiBrwGUSBnTd3mEeAXsykWjHb/+e\nNA4T2x+A+B7Rz9Je7dEQRzMuxImOkS5of65m7yM73W6u1FOBw9vsvj3yf+r58ZIB\n65hWqPwKqYDejwLkit4ejjggrwmUvjSF407VLQCzmteEzEfSkHPcwiEv8d9KoqQq\n5b9O0j2ECfSRgYO/ZUBN0WmU7b19r6JPP67kF9OHMFpRhxJd51DWhFMZ7em+hFl4\nZrnuX5ECgYEA9dCK3InpBH1bfNksWSCuBp9JAGpKWgJ0pAY+RBhIeff/S3pLq3c3\no7/TEOLK4+lZIcsTuByBbO7PbKLfHnwgG5rTNNVvnLnj8cr38pMIi5kgNLj19/zJ\n8/5kl5CG91hVuZldNFP6c/8yg7IFLoo6MoygKXR0qLWZvBLnk5MEXYUCgYEA7L+H\nWrCjJd2RbD0ILNy3seRQtJThGL0QzXuKOa/096i+X4SWF65g+aamDckHY7HiMp1e\niV9AQn6ehgyo4OBxYGRfUFjLS7/XLoQd1OH2cr+DW2eHZJI9svZK3PBcx5xJxzYG\nfE+TII1xQyNlrnxYlzMwq1x3UZTHOuDWxaJ/REUCgYAqiZ0ODvt44GyNjVNkVQho\ncvYCEWKuctBWdhIeXIlmOek+2XnwwR+qwY431NdBW2cmNutBqAUpoaXZadHsh5RS\n0pcMBIdc+rocZIBFxPXsmmH9XaiK8n7ML1Ce/c6tTOcAyC5d2M51dkr6iTrmU9tA\nVh99LP7nFw30gtz6J63QtQKBgHAXGonIueXyqqiZmOZMtjhmhgOJva2NzofLZx16\n/rvHTCNDTiD2Mfnhehtqw7HjBdq7AYh+7ZjOBFYpZkfaXDOsMiiDcfVyZfojGVCy\nj5GytQmw0by/NLEnxTgoIXVsvM2x+Y4fyuQNs8N63ein/PXRiciIZgHdNBrfWzCF\niEYVAoGAHab7KtflA243ec4FEhNlOvRr50/+xOyyKpNo/FgYXE0TgePQwYcUerKI\nn5//pI1E+CMVbIp9QiQ6/A9OIVxTYCM72wqYFbwCCcjcDoFCsWB2pQGJCUIMozCS\nImVXNxWJid25Yr8jtuch0gqqNAn7tyfPKEeB0BHMs1AmWUrzEcM=\n-----END RSA PRIVATE KEY-----\n",
            "private_key_pem_pkcs8": "-----BEGIN PRIVATE KEY-----\nMIIEvAIBADANBgkqhkiG9w0BAQEFAASCBKYwggSiAgEAAoIBAQDjVCiS99Ta3DUg\n2a27B0W3KbCyg+OEuZht0XNg/ILjD2G+8KU/uDGiCrBlUtaUtV+6KL1aCSpTsSfN\npdE8Kjr6ih5e8Jd6EXbSJ2wp0hNzpLYi2bGJ67T0fpvb0NuCR0NgOi+eHgrD0WHH\nBEbU7W5C4He5XeWCKRD1IeT86tBqq0zOmPfpVsZQnhprLUxRfzGrOSShn97pjfH8\nzqFw+jEFiYEQWO8nWZG4EXfZfYXypW26oTJRlQOb0M/ocfbHFY6tS+hIVl0Fow5t\nA1QvrYy4UAFnhQyuLhTRdd6q6UzG6zQiL0WnPWE6Eim+M/jMO5EFHyzhcxnVK7rD\ndYVX/4jZAgMBAAECggEAdT7tokdSMAMNH8FFekXY7gwBh0DAsq6qcFFriaUSuJsx\nVbJ1+DQ+3Q1YRxn/dDlLgw8KAgriGsIu/kC8dqRtQNTFrz+1UI77Uo5kmfkwcR+N\nlNHkYHcCIGvAZRIGdN3eYR4BezKRaMdv/540DhPbH4D4HtHP0l7t0RBHMy7EiY6R\nLmh/rmbvIzvdbq7UU4HD2+y+PfJ/6vnxkgHrmFao/AqpgN6PAuSK3h6OOCCvCZS+\nNIXjTtUtALOa14TMR9KQc9zCIS/x30qipCrlv07SPYQJ9JGBg79lQE3RaZTtvX2v\nok8/ruQX04cwWlGHEl3nUNaEUxnt6b6EWXhmue5fkQKBgQD10IrciekEfVt82SxZ\nIK4Gn0kAakpaAnSkBj5EGEh59/9Lekurdzejv9MQ4srj6VkhyxO4HIFs7s9sot8e\nfCAbmtM01W+cuePxyvfykwiLmSA0uPX3/Mnz/mSXkIb3WFW5mV00U/pz/zKDsgUu\nijoyjKApdHSotZm8EueTkwRdhQKBgQDsv4dasKMl3ZFsPQgs3Lex5FC0lOEYvRDN\ne4o5r/T3qL5fhJYXrmD5pqYNyQdjseIynV6JX0BCfp6GDKjg4HFgZF9QWMtLv9cu\nhB3U4fZyv4NbZ4dkkj2y9krc8FzHnEnHNgZ8T5MgjXFDI2WufFiXMzCrXHdRlMc6\n4NbFon9ERQKBgCqJnQ4O+3jgbI2NU2RVCGhy9gIRYq5y0FZ2Eh5ciWY56T7ZefDB\nH6rBjjfU10FbZyY260GoBSmhpdlp0eyHlFLSlwwEh1z6uhxkgEXE9eyaYf1dqIry\nfswvUJ79zq1M5wDILl3YznV2SvqJOuZT20BWH30s/ucXDfSC3PonrdC1AoGAcBca\nici55fKqqJmY5ky2OGaGA4m9rY3Oh8tnHXr+u8dMI0NOIPYx+eF6G2rDseMF2rsB\niH7tmM4EVilmR9pcM6wyKINx9XJl+iMZULKPkbK1CbDRvL80sSfFOCghdWy8zbH5\njh/K5A2zw3rd6Kf89dGJyIhmAd00Gt9bMIWIRhUCgYAdpvsq1+UDbjd5zgUSE2U6\n9GvnT/7E7LIqk2j8WBhcTROB49DBhxR6soifn/+kjUT4IxVsin1CJDr8D04hXFNg\nIzvbCpgVvAIJyNwOgUKxYHalAYkJQgyjMJIiZVc3FYmJ3blivyO25yHSCqo0Cfu3\nJ88oR4HQEcyzUCZZSvMRww==\n-----END PRIVATE KEY-----\n",
            "public_key_fingerprint_md5": "ab:92:8a:33:18:23:c2:b9:a7:c6:65:f7:60:06:e0:3c",
            "public_key_fingerprint_sha256": "SHA256:Yov3Du6Keb9JJmIBaquZi5VnfYEjRXKaJpWjQzBCBLA",
            "public_key_openssh": "ssh-rsa AAAAB3NzaC1yc2EAAAADAQABAAABAQDjVCiS99Ta3DUg2a27B0W3KbCyg+OEuZht0XNg/ILjD2G+8KU/uDGiCrBlUtaUtV+6KL1aCSpTsSfNpdE8Kjr6ih5e8Jd6EXbSJ2wp0hNzpLYi2bGJ67T0fpvb0NuCR0NgOi+eHgrD0WHHBEbU7W5C4He5XeWCKRD1IeT86tBqq0zOmPfpVsZQnhprLUxRfzGrOSShn97pjfH8zqFw+jEFiYEQWO8nWZG4EXfZfYXypW26oTJRlQOb0M/ocfbHFY6tS+hIVl0Fow5tA1QvrYy4UAFnhQyuLhTRdd6q6UzG6zQiL0WnPWE6Eim+M/jMO5EFHyzhcxnVK7rDdYVX/4jZ\n",
            "public_key_pem": "-----BEGIN PUBLIC KEY-----\nMIIBIjANBgkqhkiG9w0BAQEFAAOCAQ8AMIIBCgKCAQEA41QokvfU2tw1INmtuwdF\ntymwsoPjhLmYbdFzYPyC4w9hvvClP7gxogqwZVLWlLVfuii9WgkqU7EnzaXRPCo6\n+ooeXvCXehF20idsKdITc6S2Itmxieu09H6b29DbgkdDYDovnh4Kw9FhxwRG1O1u\nQuB3uV3lgikQ9SHk/OrQaqtMzpj36VbGUJ4aay1MUX8xqzkkoZ/e6Y3x/M6hcPox\nBYmBEFjvJ1mRuBF32X2F8qVtuqEyUZUDm9DP6HH2xxWOrUvoSFZdBaMObQNUL62M\nuFABZ4UMri4U0XXequlMxus0Ii9Fpz1hOhIpvjP4zDuRBR8s4XMZ1Su6w3WFV/+I\n2QIDAQAB\n-----END PUBLIC KEY-----\n",
            "rsa_bits": 2048
          },
          "sensitive_attributes": []
        }
      ]
    },
    {
      "module": "module.cc-lb",
      "mode": "managed",
      "type": "azurerm_lb",
      "name": "cc-lb",
      "provider": "provider[\"registry.terraform.io/hashicorp/azurerm\"]",
      "instances": [
        {
          "schema_version": 0,
          "attributes": {
            "frontend_ip_configuration": [
              {
                "id": "/subscriptions/72452951-68dc-409e-9588-6f0a85306411/resourceGroups/gch-rg-weu-prod-shared-connectivity-zcc-01/providers/Microsoft.Network/loadBalancers/gch-lb-weu-prod-zcc-01/frontendIPConfigurations/gch-lb-weu-prod-zcc-01-ipconfig",
                "inbound_nat_rules": [],
                "load_balancer_rules": [
                  "/subscriptions/72452951-68dc-409e-9588-6f0a85306411/resourceGroups/gch-rg-weu-prod-shared-connectivity-zcc-01/providers/Microsoft.Network/loadBalancers/gch-lb-weu-prod-zcc-01/loadBalancingRules/gch-lb-weu-prod-zcc-01-rule"
                ],
                "name": "gch-lb-weu-prod-zcc-01-ipconfig",
                "outbound_rules": [],
                "private_ip_address": "10.251.190.6",
                "private_ip_address_allocation": "Static",
                "private_ip_address_version": "IPv4",
                "public_ip_address_id": "",
                "public_ip_prefix_id": "",
                "subnet_id": "/subscriptions/72452951-68dc-409e-9588-6f0a85306411/resourceGroups/gch-rg-weu-prod-shared-connectivity-zcc-network/providers/Microsoft.Network/virtualNetworks/gch-weu-shared-internet/subnets/gch-snet-weu-shared-zcc-app-01",
                "zones": []
              }
            ],
            "id": "/subscriptions/72452951-68dc-409e-9588-6f0a85306411/resourceGroups/gch-rg-weu-prod-shared-connectivity-zcc-01/providers/Microsoft.Network/loadBalancers/gch-lb-weu-prod-zcc-01",
            "location": "westeurope",
            "name": "gch-lb-weu-prod-zcc-01",
            "private_ip_address": "10.251.190.6",
            "private_ip_addresses": [
              "10.251.190.6"
            ],
            "resource_group_name": "gch-rg-weu-prod-shared-connectivity-zcc-01",
            "sku": "Standard",
            "tags": {
              "ApplicationSupport": "GenpactProxySupport@genpact.com",
              "BusinessVertical": "CorpIT",
              "CCCode": "180",
              "Department": "shared",
              "Owner": "keshav.rajput@genpact.com",
              "OwnerSupervisor": "gaurav.demiwal@genpact.com",
              "PID": "shared",
              "ProjectName": "GCH Europe Azure Landing Zone",
              "ProvisionedBy": "Terraform",
              "ProvisioningSR": "CHG0079549",
              "SDOCode": "8561",
              "Stack": "Prod",
              "supportcost": "$"
            },
            "timeouts": null
          },
          "sensitive_attributes": [],
          "private": "eyJlMmJmYjczMC1lY2FhLTExZTYtOGY4OC0zNDM2M2JjN2M0YzAiOnsiY3JlYXRlIjoxODAwMDAwMDAwMDAwLCJkZWxldGUiOjE4MDAwMDAwMDAwMDAsInJlYWQiOjMwMDAwMDAwMDAwMCwidXBkYXRlIjoxODAwMDAwMDAwMDAwfX0=",
          "dependencies": [
            "azurerm_subnet.cc-subnet",
            "data.azurerm_resource_group.main",
            "data.azurerm_virtual_network.vnet"
          ]
        }
      ]
    },
    {
      "module": "module.cc-lb",
      "mode": "managed",
      "type": "azurerm_lb_backend_address_pool",
      "name": "cc-lb-backend-pool",
      "provider": "provider[\"registry.terraform.io/hashicorp/azurerm\"]",
      "instances": [
        {
          "schema_version": 0,
          "attributes": {
            "backend_ip_configurations": [
              "/subscriptions/72452951-68dc-409e-9588-6f0a85306411/resourceGroups/gch-rg-weu-prod-shared-connectivity-zcc-01/providers/Microsoft.Network/networkInterfaces/GCHPLWEUAZZCC01-service-nic/ipConfigurations/GCHPLWEUAZZCC01-service-nic-config",
              "/subscriptions/72452951-68dc-409e-9588-6f0a85306411/resourceGroups/gch-rg-weu-prod-shared-connectivity-zcc-01/providers/Microsoft.Network/networkInterfaces/GCHPLWEUAZZCC02-service-nic/ipConfigurations/GCHPLWEUAZZCC02-service-nic-config",
              "/subscriptions/72452951-68dc-409e-9588-6f0a85306411/resourceGroups/gch-rg-weu-prod-shared-connectivity-zcc-01/providers/Microsoft.Network/networkInterfaces/GCHPLWEUAZZCC03-service-nic/ipConfigurations/GCHPLWEUAZZCC03-service-nic-config"
            ],
            "id": "/subscriptions/72452951-68dc-409e-9588-6f0a85306411/resourceGroups/gch-rg-weu-prod-shared-connectivity-zcc-01/providers/Microsoft.Network/loadBalancers/gch-lb-weu-prod-zcc-01/backendAddressPools/gch-lb-weu-prod-zcc-01-backend",
            "load_balancing_rules": [
              "/subscriptions/72452951-68dc-409e-9588-6f0a85306411/resourceGroups/gch-rg-weu-prod-shared-connectivity-zcc-01/providers/Microsoft.Network/loadBalancers/gch-lb-weu-prod-zcc-01/loadBalancingRules/gch-lb-weu-prod-zcc-01-rule"
            ],
            "loadbalancer_id": "/subscriptions/72452951-68dc-409e-9588-6f0a85306411/resourceGroups/gch-rg-weu-prod-shared-connectivity-zcc-01/providers/Microsoft.Network/loadBalancers/gch-lb-weu-prod-zcc-01",
            "name": "gch-lb-weu-prod-zcc-01-backend",
            "resource_group_name": "gch-rg-weu-prod-shared-connectivity-zcc-01",
            "timeouts": null
          },
          "sensitive_attributes": [],
          "private": "eyJlMmJmYjczMC1lY2FhLTExZTYtOGY4OC0zNDM2M2JjN2M0YzAiOnsiY3JlYXRlIjoxODAwMDAwMDAwMDAwLCJkZWxldGUiOjE4MDAwMDAwMDAwMDAsInJlYWQiOjMwMDAwMDAwMDAwMCwidXBkYXRlIjoxODAwMDAwMDAwMDAwfX0=",
          "dependencies": [
            "azurerm_subnet.cc-subnet",
            "data.azurerm_resource_group.main",
            "data.azurerm_virtual_network.vnet",
            "module.cc-lb.azurerm_lb.cc-lb"
          ]
        }
      ]
    },
    {
      "module": "module.cc-lb",
      "mode": "managed",
      "type": "azurerm_lb_probe",
      "name": "cc-lb-probe",
      "provider": "provider[\"registry.terraform.io/hashicorp/azurerm\"]",
      "instances": [
        {
          "schema_version": 0,
          "attributes": {
            "id": "/subscriptions/72452951-68dc-409e-9588-6f0a85306411/resourceGroups/gch-rg-weu-prod-shared-connectivity-zcc-01/providers/Microsoft.Network/loadBalancers/gch-lb-weu-prod-zcc-01/probes/gch-lb-weu-prod-zcc-01-health",
            "interval_in_seconds": 15,
            "load_balancer_rules": [
              "/subscriptions/72452951-68dc-409e-9588-6f0a85306411/resourceGroups/gch-rg-weu-prod-shared-connectivity-zcc-01/providers/Microsoft.Network/loadBalancers/gch-lb-weu-prod-zcc-01/loadBalancingRules/gch-lb-weu-prod-zcc-01-rule"
            ],
            "loadbalancer_id": "/subscriptions/72452951-68dc-409e-9588-6f0a85306411/resourceGroups/gch-rg-weu-prod-shared-connectivity-zcc-01/providers/Microsoft.Network/loadBalancers/gch-lb-weu-prod-zcc-01",
            "name": "gch-lb-weu-prod-zcc-01-health",
            "number_of_probes": 2,
            "port": 50000,
            "protocol": "Http",
            "request_path": "/?cchealth",
            "resource_group_name": "gch-rg-weu-prod-shared-connectivity-zcc-01",
            "timeouts": null
          },
          "sensitive_attributes": [],
          "private": "eyJlMmJmYjczMC1lY2FhLTExZTYtOGY4OC0zNDM2M2JjN2M0YzAiOnsiY3JlYXRlIjoxODAwMDAwMDAwMDAwLCJkZWxldGUiOjE4MDAwMDAwMDAwMDAsInJlYWQiOjMwMDAwMDAwMDAwMCwidXBkYXRlIjoxODAwMDAwMDAwMDAwfX0=",
          "dependencies": [
            "azurerm_subnet.cc-subnet",
            "data.azurerm_resource_group.main",
            "data.azurerm_virtual_network.vnet",
            "module.cc-lb.azurerm_lb.cc-lb"
          ]
        }
      ]
    },
    {
      "module": "module.cc-lb",
      "mode": "managed",
      "type": "azurerm_lb_rule",
      "name": "cc-lb-rule",
      "provider": "provider[\"registry.terraform.io/hashicorp/azurerm\"]",
      "instances": [
        {
          "schema_version": 0,
          "attributes": {
            "backend_address_pool_id": "/subscriptions/72452951-68dc-409e-9588-6f0a85306411/resourceGroups/gch-rg-weu-prod-shared-connectivity-zcc-01/providers/Microsoft.Network/loadBalancers/gch-lb-weu-prod-zcc-01/backendAddressPools/gch-lb-weu-prod-zcc-01-backend",
            "backend_port": 0,
            "disable_outbound_snat": false,
            "enable_floating_ip": false,
            "enable_tcp_reset": false,
            "frontend_ip_configuration_id": "/subscriptions/72452951-68dc-409e-9588-6f0a85306411/resourceGroups/gch-rg-weu-prod-shared-connectivity-zcc-01/providers/Microsoft.Network/loadBalancers/gch-lb-weu-prod-zcc-01/frontendIPConfigurations/gch-lb-weu-prod-zcc-01-ipconfig",
            "frontend_ip_configuration_name": "gch-lb-weu-prod-zcc-01-ipconfig",
            "frontend_port": 0,
            "id": "/subscriptions/72452951-68dc-409e-9588-6f0a85306411/resourceGroups/gch-rg-weu-prod-shared-connectivity-zcc-01/providers/Microsoft.Network/loadBalancers/gch-lb-weu-prod-zcc-01/loadBalancingRules/gch-lb-weu-prod-zcc-01-rule",
            "idle_timeout_in_minutes": 4,
            "load_distribution": "SourceIP",
            "loadbalancer_id": "/subscriptions/72452951-68dc-409e-9588-6f0a85306411/resourceGroups/gch-rg-weu-prod-shared-connectivity-zcc-01/providers/Microsoft.Network/loadBalancers/gch-lb-weu-prod-zcc-01",
            "name": "gch-lb-weu-prod-zcc-01-rule",
            "probe_id": "/subscriptions/72452951-68dc-409e-9588-6f0a85306411/resourceGroups/gch-rg-weu-prod-shared-connectivity-zcc-01/providers/Microsoft.Network/loadBalancers/gch-lb-weu-prod-zcc-01/probes/gch-lb-weu-prod-zcc-01-health",
            "protocol": "All",
            "resource_group_name": "gch-rg-weu-prod-shared-connectivity-zcc-01",
            "timeouts": null
          },
          "sensitive_attributes": [],
          "private": "eyJlMmJmYjczMC1lY2FhLTExZTYtOGY4OC0zNDM2M2JjN2M0YzAiOnsiY3JlYXRlIjoxODAwMDAwMDAwMDAwLCJkZWxldGUiOjE4MDAwMDAwMDAwMDAsInJlYWQiOjMwMDAwMDAwMDAwMCwidXBkYXRlIjoxODAwMDAwMDAwMDAwfX0=",
          "dependencies": [
            "azurerm_subnet.cc-subnet",
            "data.azurerm_resource_group.main",
            "data.azurerm_virtual_network.vnet",
            "module.cc-lb.azurerm_lb.cc-lb",
            "module.cc-lb.azurerm_lb_backend_address_pool.cc-lb-backend-pool",
            "module.cc-lb.azurerm_lb_probe.cc-lb-probe"
          ]
        }
      ]
    },
    {
      "module": "module.cc-vm",
      "mode": "data",
      "type": "azurerm_subscription",
      "name": "current-subscription",
      "provider": "provider[\"registry.terraform.io/hashicorp/azurerm\"]",
      "instances": [
        {
          "schema_version": 0,
          "attributes": {
            "display_name": "GCH-Client Connectivity",
            "id": "/subscriptions/72452951-68dc-409e-9588-6f0a85306411",
            "location_placement_id": "PublicAndIndia_2015-09-01",
            "quota_id": "EnterpriseAgreement_2014-09-01",
            "spending_limit": "Off",
            "state": "Enabled",
            "subscription_id": "72452951-68dc-409e-9588-6f0a85306411",
            "tags": {},
            "tenant_id": "958a7efb-f2a7-4ea2-80ee-85fc8ed01be7",
            "timeouts": null
          },
          "sensitive_attributes": []
        }
      ]
    },
    {
      "module": "module.cc-vm",
      "mode": "data",
      "type": "azurerm_user_assigned_identity",
      "name": "selected",
      "provider": "provider[\"registry.terraform.io/hashicorp/azurerm\"]",
      "instances": [
        {
          "schema_version": 0,
          "attributes": {
            "client_id": "06346f7a-43f6-43ef-9200-1b55b4083fc3",
            "id": "/subscriptions/72452951-68dc-409e-9588-6f0a85306411/resourceGroups/gch-rg-weu-prod-shared-connectivity-zcc-network/providers/Microsoft.ManagedIdentity/userAssignedIdentities/gch-mi-weu-prod-zcc",
            "location": "westeurope",
            "name": "gch-mi-weu-prod-zcc",
            "principal_id": "d57b8e34-98f2-4be5-a671-62e45e95a3d0",
            "resource_group_name": "gch-rg-weu-prod-shared-connectivity-zcc-network",
            "tags": {},
            "timeouts": null
          },
          "sensitive_attributes": []
        }
      ]
    },
    {
      "module": "module.cc-vm",
      "mode": "managed",
      "type": "azurerm_linux_virtual_machine",
      "name": "cc-vm",
      "provider": "provider[\"registry.terraform.io/hashicorp/azurerm\"]",
      "instances": [
        {
          "index_key": 0,
          "schema_version": 0,
          "attributes": {
            "additional_capabilities": [],
            "admin_password": null,
            "admin_ssh_key": [
              {
                "public_key": "ssh-rsa AAAAB3NzaC1yc2EAAAADAQABAAABAQDjVCiS99Ta3DUg2a27B0W3KbCyg+OEuZht0XNg/ILjD2G+8KU/uDGiCrBlUtaUtV+6KL1aCSpTsSfNpdE8Kjr6ih5e8Jd6EXbSJ2wp0hNzpLYi2bGJ67T0fpvb0NuCR0NgOi+eHgrD0WHHBEbU7W5C4He5XeWCKRD1IeT86tBqq0zOmPfpVsZQnhprLUxRfzGrOSShn97pjfH8zqFw+jEFiYEQWO8nWZG4EXfZfYXypW26oTJRlQOb0M/ocfbHFY6tS+hIVl0Fow5tA1QvrYy4UAFnhQyuLhTRdd6q6UzG6zQiL0WnPWE6Eim+M/jMO5EFHyzhcxnVK7rDdYVX/4jZ zsroot@me.io",
                "username": "zsroot"
              }
            ],
            "admin_username": "zsroot",
            "allow_extension_operations": true,
            "availability_set_id": "",
            "boot_diagnostics": [],
            "computer_name": "GCHPLWEUAZZCC01",
            "custom_data": "W1pTQ0FMRVJdCkNDX1VSTD1jb25uZWN0b3IuenNjYWxlcnRocmVlLm5ldC9hcGkvdjEvcHJvdlVybD9uYW1lPUdFTlBBQ1RBWlVSRVBUCkFaVVJFX1ZBVUxUX1VSTD1odHRwczovL2djaGFrdndldXB6Y2MwMS52YXVsdC5henVyZS5uZXQvCkhUVFBfUFJPQkVfUE9SVD01MDAwMAo=",
            "dedicated_host_id": "",
            "disable_password_authentication": true,
            "encryption_at_host_enabled": false,
            "eviction_policy": "",
            "extensions_time_budget": "PT1H30M",
            "id": "/subscriptions/72452951-68dc-409e-9588-6f0a85306411/resourceGroups/gch-rg-weu-prod-shared-connectivity-zcc-01/providers/Microsoft.Compute/virtualMachines/GCHPLWEUAZZCC01",
            "identity": [
              {
                "identity_ids": [
                  "/subscriptions/72452951-68dc-409e-9588-6f0a85306411/resourceGroups/gch-rg-weu-prod-shared-connectivity-zcc-network/providers/Microsoft.ManagedIdentity/userAssignedIdentities/gch-mi-weu-prod-zcc"
                ],
                "principal_id": "",
                "tenant_id": "",
                "type": "UserAssigned"
              }
            ],
            "location": "westeurope",
            "max_bid_price": -1,
            "name": "GCHPLWEUAZZCC01",
            "network_interface_ids": [
              "/subscriptions/72452951-68dc-409e-9588-6f0a85306411/resourceGroups/gch-rg-weu-prod-shared-connectivity-zcc-01/providers/Microsoft.Network/networkInterfaces/GCHPLWEUAZZCC01-mgmt-nic",
              "/subscriptions/72452951-68dc-409e-9588-6f0a85306411/resourceGroups/gch-rg-weu-prod-shared-connectivity-zcc-01/providers/Microsoft.Network/networkInterfaces/GCHPLWEUAZZCC01-service-nic"
            ],
            "os_disk": [
              {
                "caching": "ReadWrite",
                "diff_disk_settings": [],
                "disk_encryption_set_id": "",
                "disk_size_gb": 128,
                "name": "GCHPLWEUAZZCC01_OsDisk_1_b958f03742174442807484f2d889ef5e",
                "storage_account_type": "Premium_LRS",
                "write_accelerator_enabled": false
              }
            ],
            "plan": [
              {
                "name": "zs_ser_gen1_cc_01",
                "product": "zia_cloud_connector",
                "publisher": "zscaler1579058425289"
              }
            ],
            "priority": "Regular",
            "private_ip_address": "10.251.190.4",
            "private_ip_addresses": [
              "10.251.190.4",
              "10.251.190.5"
            ],
            "provision_vm_agent": true,
            "proximity_placement_group_id": "",
            "public_ip_address": "",
            "public_ip_addresses": [],
            "resource_group_name": "gch-rg-weu-prod-shared-connectivity-zcc-01",
            "secret": [],
            "size": "Standard_D2s_v3",
            "source_image_id": "",
            "source_image_reference": [
              {
                "offer": "zia_cloud_connector",
                "publisher": "zscaler1579058425289",
                "sku": "zs_ser_gen1_cc_01",
                "version": "latest"
              }
            ],
            "tags": {
              "ApplicationSupport": "GenpactProxySupport@genpact.com",
              "Backup": "No",
              "BusinessVertical": "CorpIT",
              "CCCode": "180",
              "Custom-AMI": "TRUE",
              "Department": "shared",
              "DeploymentType": "NN",
              "Exception": "Yes",
              "InstanceSchedule": "24*7",
              "Owner": "keshav.rajput@genpact.com",
              "OwnerSupervisor": "gaurav.demiwal@genpact.com",
              "PID": "shared",
              "PatchGroup": "4th Sat 10:00 AM IST",
              "ProjectName": "GCH Europe Azure Landing Zone",
              "ProvisionedBy": "Terraform",
              "ProvisioningSR": "CHG0079549",
              "RI": "TBD",
              "Role": "Zscaler Cloud Connector",
              "SDOCode": "8561",
              "ServiceType": "IAAS",
              "Stack": "Prod",
              "os-support": "GenpactProxySupport@genpact.com",
              "schedulefordeletion": "No",
              "supportcost": "$"
            },
            "timeouts": null,
            "virtual_machine_id": "ec82a540-6b33-42b5-8768-b914e9f5fd54",
            "virtual_machine_scale_set_id": "",
            "zone": "1"
          },
          "sensitive_attributes": [],
          "private": "eyJlMmJmYjczMC1lY2FhLTExZTYtOGY4OC0zNDM2M2JjN2M0YzAiOnsiY3JlYXRlIjoyNzAwMDAwMDAwMDAwLCJkZWxldGUiOjI3MDAwMDAwMDAwMDAsInJlYWQiOjMwMDAwMDAwMDAwMCwidXBkYXRlIjoyNzAwMDAwMDAwMDAwfX0=",
          "dependencies": [
            "azurerm_subnet_nat_gateway_association.subnet-nat-association-ec",
            "data.azurerm_resource_group.main",
            "local_file.user-data-file",
            "module.cc-vm.azurerm_availability_set.cc-availability-set",
            "module.cc-vm.azurerm_network_interface.cc-mgmt-nic",
            "module.cc-vm.azurerm_network_interface.cc-service-nic",
            "module.cc-vm.azurerm_network_interface_backend_address_pool_association.cc-vm-service-nic-lb-association",
            "module.cc-vm.azurerm_network_interface_security_group_association.ec-mgmt-nic-association",
            "module.cc-vm.azurerm_network_interface_security_group_association.ec-service-nic-association",
            "module.cc-vm.data.azurerm_user_assigned_identity.selected",
            "tls_private_key.key"
          ]
        },
        {
          "index_key": 1,
          "schema_version": 0,
          "attributes": {
            "additional_capabilities": [],
            "admin_password": null,
            "admin_ssh_key": [
              {
                "public_key": "ssh-rsa AAAAB3NzaC1yc2EAAAADAQABAAABAQDjVCiS99Ta3DUg2a27B0W3KbCyg+OEuZht0XNg/ILjD2G+8KU/uDGiCrBlUtaUtV+6KL1aCSpTsSfNpdE8Kjr6ih5e8Jd6EXbSJ2wp0hNzpLYi2bGJ67T0fpvb0NuCR0NgOi+eHgrD0WHHBEbU7W5C4He5XeWCKRD1IeT86tBqq0zOmPfpVsZQnhprLUxRfzGrOSShn97pjfH8zqFw+jEFiYEQWO8nWZG4EXfZfYXypW26oTJRlQOb0M/ocfbHFY6tS+hIVl0Fow5tA1QvrYy4UAFnhQyuLhTRdd6q6UzG6zQiL0WnPWE6Eim+M/jMO5EFHyzhcxnVK7rDdYVX/4jZ zsroot@me.io",
                "username": "zsroot"
              }
            ],
            "admin_username": "zsroot",
            "allow_extension_operations": true,
            "availability_set_id": "",
            "boot_diagnostics": [],
            "computer_name": "GCHPLWEUAZZCC02",
            "custom_data": "W1pTQ0FMRVJdCkNDX1VSTD1jb25uZWN0b3IuenNjYWxlcnRocmVlLm5ldC9hcGkvdjEvcHJvdlVybD9uYW1lPUdFTlBBQ1RBWlVSRVBUCkFaVVJFX1ZBVUxUX1VSTD1odHRwczovL2djaGFrdndldXB6Y2MwMS52YXVsdC5henVyZS5uZXQvCkhUVFBfUFJPQkVfUE9SVD01MDAwMAo=",
            "dedicated_host_id": "",
            "disable_password_authentication": true,
            "encryption_at_host_enabled": false,
            "eviction_policy": "",
            "extensions_time_budget": "PT1H30M",
            "id": "/subscriptions/72452951-68dc-409e-9588-6f0a85306411/resourceGroups/gch-rg-weu-prod-shared-connectivity-zcc-01/providers/Microsoft.Compute/virtualMachines/GCHPLWEUAZZCC02",
            "identity": [
              {
                "identity_ids": [
                  "/subscriptions/72452951-68dc-409e-9588-6f0a85306411/resourceGroups/gch-rg-weu-prod-shared-connectivity-zcc-network/providers/Microsoft.ManagedIdentity/userAssignedIdentities/gch-mi-weu-prod-zcc"
                ],
                "principal_id": "",
                "tenant_id": "",
                "type": "UserAssigned"
              }
            ],
            "location": "westeurope",
            "max_bid_price": -1,
            "name": "GCHPLWEUAZZCC02",
            "network_interface_ids": [
              "/subscriptions/72452951-68dc-409e-9588-6f0a85306411/resourceGroups/gch-rg-weu-prod-shared-connectivity-zcc-01/providers/Microsoft.Network/networkInterfaces/GCHPLWEUAZZCC02-mgmt-nic",
              "/subscriptions/72452951-68dc-409e-9588-6f0a85306411/resourceGroups/gch-rg-weu-prod-shared-connectivity-zcc-01/providers/Microsoft.Network/networkInterfaces/GCHPLWEUAZZCC02-service-nic"
            ],
            "os_disk": [
              {
                "caching": "ReadWrite",
                "diff_disk_settings": [],
                "disk_encryption_set_id": "",
                "disk_size_gb": 128,
                "name": "GCHPLWEUAZZCC02_OsDisk_1_05b380c99d83421f8bb847414fc7806c",
                "storage_account_type": "Premium_LRS",
                "write_accelerator_enabled": false
              }
            ],
            "plan": [
              {
                "name": "zs_ser_gen1_cc_01",
                "product": "zia_cloud_connector",
                "publisher": "zscaler1579058425289"
              }
            ],
            "priority": "Regular",
            "private_ip_address": "10.251.190.68",
            "private_ip_addresses": [
              "10.251.190.68",
              "10.251.190.69"
            ],
            "provision_vm_agent": true,
            "proximity_placement_group_id": "",
            "public_ip_address": "",
            "public_ip_addresses": [],
            "resource_group_name": "gch-rg-weu-prod-shared-connectivity-zcc-01",
            "secret": [],
            "size": "Standard_D2s_v3",
            "source_image_id": "",
            "source_image_reference": [
              {
                "offer": "zia_cloud_connector",
                "publisher": "zscaler1579058425289",
                "sku": "zs_ser_gen1_cc_01",
                "version": "latest"
              }
            ],
            "tags": {
              "ApplicationSupport": "GenpactProxySupport@genpact.com",
              "Backup": "No",
              "BusinessVertical": "CorpIT",
              "CCCode": "180",
              "Custom-AMI": "TRUE",
              "Department": "shared",
              "DeploymentType": "NN",
              "Exception": "Yes",
              "InstanceSchedule": "24*7",
              "Owner": "keshav.rajput@genpact.com",
              "OwnerSupervisor": "gaurav.demiwal@genpact.com",
              "PID": "shared",
              "PatchGroup": "4th Sat 10:00 AM IST",
              "ProjectName": "GCH Europe Azure Landing Zone",
              "ProvisionedBy": "Terraform",
              "ProvisioningSR": "CHG0079549",
              "RI": "TBD",
              "Role": "Zscaler Cloud Connector",
              "SDOCode": "8561",
              "ServiceType": "IAAS",
              "Stack": "Prod",
              "os-support": "GenpactProxySupport@genpact.com",
              "schedulefordeletion": "No",
              "supportcost": "$"
            },
            "timeouts": null,
            "virtual_machine_id": "fc297b4f-2eef-4e25-a452-c19133f6e197",
            "virtual_machine_scale_set_id": "",
            "zone": "2"
          },
          "sensitive_attributes": [],
          "private": "eyJlMmJmYjczMC1lY2FhLTExZTYtOGY4OC0zNDM2M2JjN2M0YzAiOnsiY3JlYXRlIjoyNzAwMDAwMDAwMDAwLCJkZWxldGUiOjI3MDAwMDAwMDAwMDAsInJlYWQiOjMwMDAwMDAwMDAwMCwidXBkYXRlIjoyNzAwMDAwMDAwMDAwfX0=",
          "dependencies": [
            "azurerm_subnet_nat_gateway_association.subnet-nat-association-ec",
            "data.azurerm_resource_group.main",
            "local_file.user-data-file",
            "module.cc-vm.azurerm_availability_set.cc-availability-set",
            "module.cc-vm.azurerm_network_interface.cc-mgmt-nic",
            "module.cc-vm.azurerm_network_interface.cc-service-nic",
            "module.cc-vm.azurerm_network_interface_backend_address_pool_association.cc-vm-service-nic-lb-association",
            "module.cc-vm.azurerm_network_interface_security_group_association.ec-mgmt-nic-association",
            "module.cc-vm.azurerm_network_interface_security_group_association.ec-service-nic-association",
            "module.cc-vm.data.azurerm_user_assigned_identity.selected",
            "tls_private_key.key"
          ]
        },
        {
          "index_key": 2,
          "schema_version": 0,
          "attributes": {
            "additional_capabilities": [],
            "admin_password": null,
            "admin_ssh_key": [
              {
                "public_key": "ssh-rsa AAAAB3NzaC1yc2EAAAADAQABAAABAQDjVCiS99Ta3DUg2a27B0W3KbCyg+OEuZht0XNg/ILjD2G+8KU/uDGiCrBlUtaUtV+6KL1aCSpTsSfNpdE8Kjr6ih5e8Jd6EXbSJ2wp0hNzpLYi2bGJ67T0fpvb0NuCR0NgOi+eHgrD0WHHBEbU7W5C4He5XeWCKRD1IeT86tBqq0zOmPfpVsZQnhprLUxRfzGrOSShn97pjfH8zqFw+jEFiYEQWO8nWZG4EXfZfYXypW26oTJRlQOb0M/ocfbHFY6tS+hIVl0Fow5tA1QvrYy4UAFnhQyuLhTRdd6q6UzG6zQiL0WnPWE6Eim+M/jMO5EFHyzhcxnVK7rDdYVX/4jZ zsroot@me.io",
                "username": "zsroot"
              }
            ],
            "admin_username": "zsroot",
            "allow_extension_operations": true,
            "availability_set_id": "",
            "boot_diagnostics": [],
            "computer_name": "GCHPLWEUAZZCC03",
            "custom_data": "W1pTQ0FMRVJdCkNDX1VSTD1jb25uZWN0b3IuenNjYWxlcnRocmVlLm5ldC9hcGkvdjEvcHJvdlVybD9uYW1lPUdFTlBBQ1RBWlVSRVBUCkFaVVJFX1ZBVUxUX1VSTD1odHRwczovL2djaGFrdndldXB6Y2MwMS52YXVsdC5henVyZS5uZXQvCkhUVFBfUFJPQkVfUE9SVD01MDAwMAo=",
            "dedicated_host_id": "",
            "disable_password_authentication": true,
            "encryption_at_host_enabled": false,
            "eviction_policy": "",
            "extensions_time_budget": "PT1H30M",
            "id": "/subscriptions/72452951-68dc-409e-9588-6f0a85306411/resourceGroups/gch-rg-weu-prod-shared-connectivity-zcc-01/providers/Microsoft.Compute/virtualMachines/GCHPLWEUAZZCC03",
            "identity": [
              {
                "identity_ids": [
                  "/subscriptions/72452951-68dc-409e-9588-6f0a85306411/resourceGroups/gch-rg-weu-prod-shared-connectivity-zcc-network/providers/Microsoft.ManagedIdentity/userAssignedIdentities/gch-mi-weu-prod-zcc"
                ],
                "principal_id": "",
                "tenant_id": "",
                "type": "UserAssigned"
              }
            ],
            "location": "westeurope",
            "max_bid_price": -1,
            "name": "GCHPLWEUAZZCC03",
            "network_interface_ids": [
              "/subscriptions/72452951-68dc-409e-9588-6f0a85306411/resourceGroups/gch-rg-weu-prod-shared-connectivity-zcc-01/providers/Microsoft.Network/networkInterfaces/GCHPLWEUAZZCC03-mgmt-nic",
              "/subscriptions/72452951-68dc-409e-9588-6f0a85306411/resourceGroups/gch-rg-weu-prod-shared-connectivity-zcc-01/providers/Microsoft.Network/networkInterfaces/GCHPLWEUAZZCC03-service-nic"
            ],
            "os_disk": [
              {
                "caching": "ReadWrite",
                "diff_disk_settings": [],
                "disk_encryption_set_id": "",
                "disk_size_gb": 128,
                "name": "GCHPLWEUAZZCC03_OsDisk_1_3437654870bf487da68546e2b044f1b7",
                "storage_account_type": "Premium_LRS",
                "write_accelerator_enabled": false
              }
            ],
            "plan": [
              {
                "name": "zs_ser_gen1_cc_01",
                "product": "zia_cloud_connector",
                "publisher": "zscaler1579058425289"
              }
            ],
            "priority": "Regular",
            "private_ip_address": "10.251.190.132",
            "private_ip_addresses": [
              "10.251.190.132",
              "10.251.190.133"
            ],
            "provision_vm_agent": true,
            "proximity_placement_group_id": "",
            "public_ip_address": "",
            "public_ip_addresses": [],
            "resource_group_name": "gch-rg-weu-prod-shared-connectivity-zcc-01",
            "secret": [],
            "size": "Standard_D2s_v3",
            "source_image_id": "",
            "source_image_reference": [
              {
                "offer": "zia_cloud_connector",
                "publisher": "zscaler1579058425289",
                "sku": "zs_ser_gen1_cc_01",
                "version": "latest"
              }
            ],
            "tags": {
              "ApplicationSupport": "GenpactProxySupport@genpact.com",
              "Backup": "No",
              "BusinessVertical": "CorpIT",
              "CCCode": "180",
              "Custom-AMI": "TRUE",
              "Department": "shared",
              "DeploymentType": "NN",
              "Exception": "Yes",
              "InstanceSchedule": "24*7",
              "Owner": "keshav.rajput@genpact.com",
              "OwnerSupervisor": "gaurav.demiwal@genpact.com",
              "PID": "shared",
              "PatchGroup": "4th Sat 10:00 AM IST",
              "ProjectName": "GCH Europe Azure Landing Zone",
              "ProvisionedBy": "Terraform",
              "ProvisioningSR": "CHG0079549",
              "RI": "TBD",
              "Role": "Zscaler Cloud Connector",
              "SDOCode": "8561",
              "ServiceType": "IAAS",
              "Stack": "Prod",
              "os-support": "GenpactProxySupport@genpact.com",
              "schedulefordeletion": "No",
              "supportcost": "$"
            },
            "timeouts": null,
            "virtual_machine_id": "ebc988cb-be17-4d46-a09b-14a4a1e49db5",
            "virtual_machine_scale_set_id": "",
            "zone": "3"
          },
          "sensitive_attributes": [],
          "private": "eyJlMmJmYjczMC1lY2FhLTExZTYtOGY4OC0zNDM2M2JjN2M0YzAiOnsiY3JlYXRlIjoyNzAwMDAwMDAwMDAwLCJkZWxldGUiOjI3MDAwMDAwMDAwMDAsInJlYWQiOjMwMDAwMDAwMDAwMCwidXBkYXRlIjoyNzAwMDAwMDAwMDAwfX0=",
          "dependencies": [
            "azurerm_subnet_nat_gateway_association.subnet-nat-association-ec",
            "data.azurerm_resource_group.main",
            "local_file.user-data-file",
            "module.cc-vm.azurerm_availability_set.cc-availability-set",
            "module.cc-vm.azurerm_network_interface.cc-mgmt-nic",
            "module.cc-vm.azurerm_network_interface.cc-service-nic",
            "module.cc-vm.azurerm_network_interface_backend_address_pool_association.cc-vm-service-nic-lb-association",
            "module.cc-vm.azurerm_network_interface_security_group_association.ec-mgmt-nic-association",
            "module.cc-vm.azurerm_network_interface_security_group_association.ec-service-nic-association",
            "module.cc-vm.data.azurerm_user_assigned_identity.selected",
            "tls_private_key.key"
          ]
        }
      ]
    },
    {
      "module": "module.cc-vm",
      "mode": "managed",
      "type": "azurerm_network_interface",
      "name": "cc-mgmt-nic",
      "provider": "provider[\"registry.terraform.io/hashicorp/azurerm\"]",
      "instances": [
        {
          "index_key": 0,
          "schema_version": 0,
          "attributes": {
            "applied_dns_servers": [],
            "dns_servers": [],
            "enable_accelerated_networking": false,
            "enable_ip_forwarding": false,
            "id": "/subscriptions/72452951-68dc-409e-9588-6f0a85306411/resourceGroups/gch-rg-weu-prod-shared-connectivity-zcc-01/providers/Microsoft.Network/networkInterfaces/GCHPLWEUAZZCC01-mgmt-nic",
            "internal_dns_name_label": "",
            "internal_domain_name_suffix": "dxcx1yob144ebfqvixsbbn3ytc.ax.internal.cloudapp.net",
            "ip_configuration": [
              {
                "name": "GCHPLWEUAZZCC01-mgmt-nic-config",
                "primary": true,
                "private_ip_address": "10.251.190.4",
                "private_ip_address_allocation": "Dynamic",
                "private_ip_address_version": "IPv4",
                "public_ip_address_id": "",
                "subnet_id": "/subscriptions/72452951-68dc-409e-9588-6f0a85306411/resourceGroups/gch-rg-weu-prod-shared-connectivity-zcc-network/providers/Microsoft.Network/virtualNetworks/gch-weu-shared-internet/subnets/gch-snet-weu-shared-zcc-app-01"
              }
            ],
            "location": "westeurope",
            "mac_address": "",
            "name": "GCHPLWEUAZZCC01-mgmt-nic",
            "private_ip_address": "10.251.190.4",
            "private_ip_addresses": [
              "10.251.190.4"
            ],
            "resource_group_name": "gch-rg-weu-prod-shared-connectivity-zcc-01",
            "tags": {
              "ApplicationSupport": "GenpactProxySupport@genpact.com",
              "Backup": "No",
              "BusinessVertical": "CorpIT",
              "CCCode": "180",
              "Custom-AMI": "TRUE",
              "Department": "shared",
              "DeploymentType": "NN",
              "Exception": "Yes",
              "InstanceSchedule": "24*7",
              "Owner": "keshav.rajput@genpact.com",
              "OwnerSupervisor": "gaurav.demiwal@genpact.com",
              "PID": "shared",
              "PatchGroup": "4th Sat 10:00 AM IST",
              "ProjectName": "GCH Europe Azure Landing Zone",
              "ProvisionedBy": "Terraform",
              "ProvisioningSR": "CHG0079549",
              "RI": "TBD",
              "Role": "Zscaler Cloud Connector",
              "SDOCode": "8561",
              "ServiceType": "IAAS",
              "Stack": "Prod",
              "os-support": "GenpactProxySupport@genpact.com",
              "schedulefordeletion": "No",
              "supportcost": "$"
            },
            "timeouts": null,
            "virtual_machine_id": ""
          },
          "sensitive_attributes": [],
          "private": "eyJlMmJmYjczMC1lY2FhLTExZTYtOGY4OC0zNDM2M2JjN2M0YzAiOnsiY3JlYXRlIjoxODAwMDAwMDAwMDAwLCJkZWxldGUiOjE4MDAwMDAwMDAwMDAsInJlYWQiOjMwMDAwMDAwMDAwMCwidXBkYXRlIjoxODAwMDAwMDAwMDAwfX0=",
          "dependencies": [
            "azurerm_nat_gateway.nat-gw",
            "azurerm_subnet.cc-subnet",
            "azurerm_subnet_nat_gateway_association.subnet-nat-association-ec",
            "data.azurerm_resource_group.main",
            "data.azurerm_virtual_network.vnet",
            "local_file.user-data-file"
          ]
        },
        {
          "index_key": 1,
          "schema_version": 0,
          "attributes": {
            "applied_dns_servers": [],
            "dns_servers": [],
            "enable_accelerated_networking": false,
            "enable_ip_forwarding": false,
            "id": "/subscriptions/72452951-68dc-409e-9588-6f0a85306411/resourceGroups/gch-rg-weu-prod-shared-connectivity-zcc-01/providers/Microsoft.Network/networkInterfaces/GCHPLWEUAZZCC02-mgmt-nic",
            "internal_dns_name_label": "",
            "internal_domain_name_suffix": "dxcx1yob144ebfqvixsbbn3ytc.ax.internal.cloudapp.net",
            "ip_configuration": [
              {
                "name": "GCHPLWEUAZZCC02-mgmt-nic-config",
                "primary": true,
                "private_ip_address": "10.251.190.68",
                "private_ip_address_allocation": "Dynamic",
                "private_ip_address_version": "IPv4",
                "public_ip_address_id": "",
                "subnet_id": "/subscriptions/72452951-68dc-409e-9588-6f0a85306411/resourceGroups/gch-rg-weu-prod-shared-connectivity-zcc-network/providers/Microsoft.Network/virtualNetworks/gch-weu-shared-internet/subnets/gch-snet-weu-shared-zcc-app-02"
              }
            ],
            "location": "westeurope",
            "mac_address": "",
            "name": "GCHPLWEUAZZCC02-mgmt-nic",
            "private_ip_address": "10.251.190.68",
            "private_ip_addresses": [
              "10.251.190.68"
            ],
            "resource_group_name": "gch-rg-weu-prod-shared-connectivity-zcc-01",
            "tags": {
              "ApplicationSupport": "GenpactProxySupport@genpact.com",
              "Backup": "No",
              "BusinessVertical": "CorpIT",
              "CCCode": "180",
              "Custom-AMI": "TRUE",
              "Department": "shared",
              "DeploymentType": "NN",
              "Exception": "Yes",
              "InstanceSchedule": "24*7",
              "Owner": "keshav.rajput@genpact.com",
              "OwnerSupervisor": "gaurav.demiwal@genpact.com",
              "PID": "shared",
              "PatchGroup": "4th Sat 10:00 AM IST",
              "ProjectName": "GCH Europe Azure Landing Zone",
              "ProvisionedBy": "Terraform",
              "ProvisioningSR": "CHG0079549",
              "RI": "TBD",
              "Role": "Zscaler Cloud Connector",
              "SDOCode": "8561",
              "ServiceType": "IAAS",
              "Stack": "Prod",
              "os-support": "GenpactProxySupport@genpact.com",
              "schedulefordeletion": "No",
              "supportcost": "$"
            },
            "timeouts": null,
            "virtual_machine_id": ""
          },
          "sensitive_attributes": [],
          "private": "eyJlMmJmYjczMC1lY2FhLTExZTYtOGY4OC0zNDM2M2JjN2M0YzAiOnsiY3JlYXRlIjoxODAwMDAwMDAwMDAwLCJkZWxldGUiOjE4MDAwMDAwMDAwMDAsInJlYWQiOjMwMDAwMDAwMDAwMCwidXBkYXRlIjoxODAwMDAwMDAwMDAwfX0=",
          "dependencies": [
            "azurerm_nat_gateway.nat-gw",
            "azurerm_subnet.cc-subnet",
            "azurerm_subnet_nat_gateway_association.subnet-nat-association-ec",
            "data.azurerm_resource_group.main",
            "data.azurerm_virtual_network.vnet",
            "local_file.user-data-file"
          ]
        },
        {
          "index_key": 2,
          "schema_version": 0,
          "attributes": {
            "applied_dns_servers": [],
            "dns_servers": [],
            "enable_accelerated_networking": false,
            "enable_ip_forwarding": false,
            "id": "/subscriptions/72452951-68dc-409e-9588-6f0a85306411/resourceGroups/gch-rg-weu-prod-shared-connectivity-zcc-01/providers/Microsoft.Network/networkInterfaces/GCHPLWEUAZZCC03-mgmt-nic",
            "internal_dns_name_label": "",
            "internal_domain_name_suffix": "dxcx1yob144ebfqvixsbbn3ytc.ax.internal.cloudapp.net",
            "ip_configuration": [
              {
                "name": "GCHPLWEUAZZCC03-mgmt-nic-config",
                "primary": true,
                "private_ip_address": "10.251.190.132",
                "private_ip_address_allocation": "Dynamic",
                "private_ip_address_version": "IPv4",
                "public_ip_address_id": "",
                "subnet_id": "/subscriptions/72452951-68dc-409e-9588-6f0a85306411/resourceGroups/gch-rg-weu-prod-shared-connectivity-zcc-network/providers/Microsoft.Network/virtualNetworks/gch-weu-shared-internet/subnets/gch-snet-weu-shared-zcc-app-03"
              }
            ],
            "location": "westeurope",
            "mac_address": "",
            "name": "GCHPLWEUAZZCC03-mgmt-nic",
            "private_ip_address": "10.251.190.132",
            "private_ip_addresses": [
              "10.251.190.132"
            ],
            "resource_group_name": "gch-rg-weu-prod-shared-connectivity-zcc-01",
            "tags": {
              "ApplicationSupport": "GenpactProxySupport@genpact.com",
              "Backup": "No",
              "BusinessVertical": "CorpIT",
              "CCCode": "180",
              "Custom-AMI": "TRUE",
              "Department": "shared",
              "DeploymentType": "NN",
              "Exception": "Yes",
              "InstanceSchedule": "24*7",
              "Owner": "keshav.rajput@genpact.com",
              "OwnerSupervisor": "gaurav.demiwal@genpact.com",
              "PID": "shared",
              "PatchGroup": "4th Sat 10:00 AM IST",
              "ProjectName": "GCH Europe Azure Landing Zone",
              "ProvisionedBy": "Terraform",
              "ProvisioningSR": "CHG0079549",
              "RI": "TBD",
              "Role": "Zscaler Cloud Connector",
              "SDOCode": "8561",
              "ServiceType": "IAAS",
              "Stack": "Prod",
              "os-support": "GenpactProxySupport@genpact.com",
              "schedulefordeletion": "No",
              "supportcost": "$"
            },
            "timeouts": null,
            "virtual_machine_id": ""
          },
          "sensitive_attributes": [],
          "private": "eyJlMmJmYjczMC1lY2FhLTExZTYtOGY4OC0zNDM2M2JjN2M0YzAiOnsiY3JlYXRlIjoxODAwMDAwMDAwMDAwLCJkZWxldGUiOjE4MDAwMDAwMDAwMDAsInJlYWQiOjMwMDAwMDAwMDAwMCwidXBkYXRlIjoxODAwMDAwMDAwMDAwfX0=",
          "dependencies": [
            "azurerm_nat_gateway.nat-gw",
            "azurerm_subnet.cc-subnet",
            "azurerm_subnet_nat_gateway_association.subnet-nat-association-ec",
            "data.azurerm_resource_group.main",
            "data.azurerm_virtual_network.vnet",
            "local_file.user-data-file"
          ]
        }
      ]
    },
    {
      "module": "module.cc-vm",
      "mode": "managed",
      "type": "azurerm_network_interface",
      "name": "cc-service-nic",
      "provider": "provider[\"registry.terraform.io/hashicorp/azurerm\"]",
      "instances": [
        {
          "index_key": 0,
          "schema_version": 0,
          "attributes": {
            "applied_dns_servers": [],
            "dns_servers": [],
            "enable_accelerated_networking": true,
            "enable_ip_forwarding": true,
            "id": "/subscriptions/72452951-68dc-409e-9588-6f0a85306411/resourceGroups/gch-rg-weu-prod-shared-connectivity-zcc-01/providers/Microsoft.Network/networkInterfaces/GCHPLWEUAZZCC01-service-nic",
            "internal_dns_name_label": "",
            "internal_domain_name_suffix": "dxcx1yob144ebfqvixsbbn3ytc.ax.internal.cloudapp.net",
            "ip_configuration": [
              {
                "name": "GCHPLWEUAZZCC01-service-nic-config",
                "primary": true,
                "private_ip_address": "10.251.190.5",
                "private_ip_address_allocation": "Dynamic",
                "private_ip_address_version": "IPv4",
                "public_ip_address_id": "",
                "subnet_id": "/subscriptions/72452951-68dc-409e-9588-6f0a85306411/resourceGroups/gch-rg-weu-prod-shared-connectivity-zcc-network/providers/Microsoft.Network/virtualNetworks/gch-weu-shared-internet/subnets/gch-snet-weu-shared-zcc-app-01"
              }
            ],
            "location": "westeurope",
            "mac_address": "",
            "name": "GCHPLWEUAZZCC01-service-nic",
            "private_ip_address": "10.251.190.5",
            "private_ip_addresses": [
              "10.251.190.5"
            ],
            "resource_group_name": "gch-rg-weu-prod-shared-connectivity-zcc-01",
            "tags": {
              "ApplicationSupport": "GenpactProxySupport@genpact.com",
              "Backup": "No",
              "BusinessVertical": "CorpIT",
              "CCCode": "180",
              "Custom-AMI": "TRUE",
              "Department": "shared",
              "DeploymentType": "NN",
              "Exception": "Yes",
              "InstanceSchedule": "24*7",
              "Owner": "keshav.rajput@genpact.com",
              "OwnerSupervisor": "gaurav.demiwal@genpact.com",
              "PID": "shared",
              "PatchGroup": "4th Sat 10:00 AM IST",
              "ProjectName": "GCH Europe Azure Landing Zone",
              "ProvisionedBy": "Terraform",
              "ProvisioningSR": "CHG0079549",
              "RI": "TBD",
              "Role": "Zscaler Cloud Connector",
              "SDOCode": "8561",
              "ServiceType": "IAAS",
              "Stack": "Prod",
              "os-support": "GenpactProxySupport@genpact.com",
              "schedulefordeletion": "No",
              "supportcost": "$"
            },
            "timeouts": null,
            "virtual_machine_id": ""
          },
          "sensitive_attributes": [],
          "private": "eyJlMmJmYjczMC1lY2FhLTExZTYtOGY4OC0zNDM2M2JjN2M0YzAiOnsiY3JlYXRlIjoxODAwMDAwMDAwMDAwLCJkZWxldGUiOjE4MDAwMDAwMDAwMDAsInJlYWQiOjMwMDAwMDAwMDAwMCwidXBkYXRlIjoxODAwMDAwMDAwMDAwfX0=",
          "dependencies": [
            "azurerm_nat_gateway.nat-gw",
            "azurerm_subnet.cc-subnet",
            "azurerm_subnet_nat_gateway_association.subnet-nat-association-ec",
            "data.azurerm_resource_group.main",
            "data.azurerm_virtual_network.vnet",
            "local_file.user-data-file",
            "module.cc-vm.azurerm_network_interface.cc-mgmt-nic"
          ]
        },
        {
          "index_key": 1,
          "schema_version": 0,
          "attributes": {
            "applied_dns_servers": [],
            "dns_servers": [],
            "enable_accelerated_networking": true,
            "enable_ip_forwarding": true,
            "id": "/subscriptions/72452951-68dc-409e-9588-6f0a85306411/resourceGroups/gch-rg-weu-prod-shared-connectivity-zcc-01/providers/Microsoft.Network/networkInterfaces/GCHPLWEUAZZCC02-service-nic",
            "internal_dns_name_label": "",
            "internal_domain_name_suffix": "dxcx1yob144ebfqvixsbbn3ytc.ax.internal.cloudapp.net",
            "ip_configuration": [
              {
                "name": "GCHPLWEUAZZCC02-service-nic-config",
                "primary": true,
                "private_ip_address": "10.251.190.69",
                "private_ip_address_allocation": "Dynamic",
                "private_ip_address_version": "IPv4",
                "public_ip_address_id": "",
                "subnet_id": "/subscriptions/72452951-68dc-409e-9588-6f0a85306411/resourceGroups/gch-rg-weu-prod-shared-connectivity-zcc-network/providers/Microsoft.Network/virtualNetworks/gch-weu-shared-internet/subnets/gch-snet-weu-shared-zcc-app-02"
              }
            ],
            "location": "westeurope",
            "mac_address": "",
            "name": "GCHPLWEUAZZCC02-service-nic",
            "private_ip_address": "10.251.190.69",
            "private_ip_addresses": [
              "10.251.190.69"
            ],
            "resource_group_name": "gch-rg-weu-prod-shared-connectivity-zcc-01",
            "tags": {
              "ApplicationSupport": "GenpactProxySupport@genpact.com",
              "Backup": "No",
              "BusinessVertical": "CorpIT",
              "CCCode": "180",
              "Custom-AMI": "TRUE",
              "Department": "shared",
              "DeploymentType": "NN",
              "Exception": "Yes",
              "InstanceSchedule": "24*7",
              "Owner": "keshav.rajput@genpact.com",
              "OwnerSupervisor": "gaurav.demiwal@genpact.com",
              "PID": "shared",
              "PatchGroup": "4th Sat 10:00 AM IST",
              "ProjectName": "GCH Europe Azure Landing Zone",
              "ProvisionedBy": "Terraform",
              "ProvisioningSR": "CHG0079549",
              "RI": "TBD",
              "Role": "Zscaler Cloud Connector",
              "SDOCode": "8561",
              "ServiceType": "IAAS",
              "Stack": "Prod",
              "os-support": "GenpactProxySupport@genpact.com",
              "schedulefordeletion": "No",
              "supportcost": "$"
            },
            "timeouts": null,
            "virtual_machine_id": ""
          },
          "sensitive_attributes": [],
          "private": "eyJlMmJmYjczMC1lY2FhLTExZTYtOGY4OC0zNDM2M2JjN2M0YzAiOnsiY3JlYXRlIjoxODAwMDAwMDAwMDAwLCJkZWxldGUiOjE4MDAwMDAwMDAwMDAsInJlYWQiOjMwMDAwMDAwMDAwMCwidXBkYXRlIjoxODAwMDAwMDAwMDAwfX0=",
          "dependencies": [
            "azurerm_nat_gateway.nat-gw",
            "azurerm_subnet.cc-subnet",
            "azurerm_subnet_nat_gateway_association.subnet-nat-association-ec",
            "data.azurerm_resource_group.main",
            "data.azurerm_virtual_network.vnet",
            "local_file.user-data-file",
            "module.cc-vm.azurerm_network_interface.cc-mgmt-nic"
          ]
        },
        {
          "index_key": 2,
          "schema_version": 0,
          "attributes": {
            "applied_dns_servers": [],
            "dns_servers": [],
            "enable_accelerated_networking": true,
            "enable_ip_forwarding": true,
            "id": "/subscriptions/72452951-68dc-409e-9588-6f0a85306411/resourceGroups/gch-rg-weu-prod-shared-connectivity-zcc-01/providers/Microsoft.Network/networkInterfaces/GCHPLWEUAZZCC03-service-nic",
            "internal_dns_name_label": "",
            "internal_domain_name_suffix": "dxcx1yob144ebfqvixsbbn3ytc.ax.internal.cloudapp.net",
            "ip_configuration": [
              {
                "name": "GCHPLWEUAZZCC03-service-nic-config",
                "primary": true,
                "private_ip_address": "10.251.190.133",
                "private_ip_address_allocation": "Dynamic",
                "private_ip_address_version": "IPv4",
                "public_ip_address_id": "",
                "subnet_id": "/subscriptions/72452951-68dc-409e-9588-6f0a85306411/resourceGroups/gch-rg-weu-prod-shared-connectivity-zcc-network/providers/Microsoft.Network/virtualNetworks/gch-weu-shared-internet/subnets/gch-snet-weu-shared-zcc-app-03"
              }
            ],
            "location": "westeurope",
            "mac_address": "",
            "name": "GCHPLWEUAZZCC03-service-nic",
            "private_ip_address": "10.251.190.133",
            "private_ip_addresses": [
              "10.251.190.133"
            ],
            "resource_group_name": "gch-rg-weu-prod-shared-connectivity-zcc-01",
            "tags": {
              "ApplicationSupport": "GenpactProxySupport@genpact.com",
              "Backup": "No",
              "BusinessVertical": "CorpIT",
              "CCCode": "180",
              "Custom-AMI": "TRUE",
              "Department": "shared",
              "DeploymentType": "NN",
              "Exception": "Yes",
              "InstanceSchedule": "24*7",
              "Owner": "keshav.rajput@genpact.com",
              "OwnerSupervisor": "gaurav.demiwal@genpact.com",
              "PID": "shared",
              "PatchGroup": "4th Sat 10:00 AM IST",
              "ProjectName": "GCH Europe Azure Landing Zone",
              "ProvisionedBy": "Terraform",
              "ProvisioningSR": "CHG0079549",
              "RI": "TBD",
              "Role": "Zscaler Cloud Connector",
              "SDOCode": "8561",
              "ServiceType": "IAAS",
              "Stack": "Prod",
              "os-support": "GenpactProxySupport@genpact.com",
              "schedulefordeletion": "No",
              "supportcost": "$"
            },
            "timeouts": null,
            "virtual_machine_id": ""
          },
          "sensitive_attributes": [],
          "private": "eyJlMmJmYjczMC1lY2FhLTExZTYtOGY4OC0zNDM2M2JjN2M0YzAiOnsiY3JlYXRlIjoxODAwMDAwMDAwMDAwLCJkZWxldGUiOjE4MDAwMDAwMDAwMDAsInJlYWQiOjMwMDAwMDAwMDAwMCwidXBkYXRlIjoxODAwMDAwMDAwMDAwfX0=",
          "dependencies": [
            "azurerm_nat_gateway.nat-gw",
            "azurerm_subnet.cc-subnet",
            "azurerm_subnet_nat_gateway_association.subnet-nat-association-ec",
            "data.azurerm_resource_group.main",
            "data.azurerm_virtual_network.vnet",
            "local_file.user-data-file",
            "module.cc-vm.azurerm_network_interface.cc-mgmt-nic"
          ]
        }
      ]
    },
    {
      "module": "module.cc-vm",
      "mode": "managed",
      "type": "azurerm_network_interface_backend_address_pool_association",
      "name": "cc-vm-service-nic-lb-association",
      "provider": "provider[\"registry.terraform.io/hashicorp/azurerm\"]",
      "instances": [
        {
          "index_key": 0,
          "schema_version": 0,
          "attributes": {
            "backend_address_pool_id": "/subscriptions/72452951-68dc-409e-9588-6f0a85306411/resourceGroups/gch-rg-weu-prod-shared-connectivity-zcc-01/providers/Microsoft.Network/loadBalancers/gch-lb-weu-prod-zcc-01/backendAddressPools/gch-lb-weu-prod-zcc-01-backend",
            "id": "/subscriptions/72452951-68dc-409e-9588-6f0a85306411/resourceGroups/gch-rg-weu-prod-shared-connectivity-zcc-01/providers/Microsoft.Network/networkInterfaces/GCHPLWEUAZZCC01-service-nic/ipConfigurations/GCHPLWEUAZZCC01-service-nic-config|/subscriptions/72452951-68dc-409e-9588-6f0a85306411/resourceGroups/gch-rg-weu-prod-shared-connectivity-zcc-01/providers/Microsoft.Network/loadBalancers/gch-lb-weu-prod-zcc-01/backendAddressPools/gch-lb-weu-prod-zcc-01-backend",
            "ip_configuration_name": "GCHPLWEUAZZCC01-service-nic-config",
            "network_interface_id": "/subscriptions/72452951-68dc-409e-9588-6f0a85306411/resourceGroups/gch-rg-weu-prod-shared-connectivity-zcc-01/providers/Microsoft.Network/networkInterfaces/GCHPLWEUAZZCC01-service-nic",
            "timeouts": null
          },
          "sensitive_attributes": [],
          "private": "eyJlMmJmYjczMC1lY2FhLTExZTYtOGY4OC0zNDM2M2JjN2M0YzAiOnsiY3JlYXRlIjoxODAwMDAwMDAwMDAwLCJkZWxldGUiOjE4MDAwMDAwMDAwMDAsInJlYWQiOjMwMDAwMDAwMDAwMCwidXBkYXRlIjoxODAwMDAwMDAwMDAwfX0=",
          "dependencies": [
            "azurerm_nat_gateway.nat-gw",
            "azurerm_subnet.cc-subnet",
            "azurerm_subnet_nat_gateway_association.subnet-nat-association-ec",
            "data.azurerm_resource_group.main",
            "data.azurerm_virtual_network.vnet",
            "local_file.user-data-file",
            "module.cc-lb.azurerm_lb.cc-lb",
            "module.cc-lb.azurerm_lb_backend_address_pool.cc-lb-backend-pool",
            "module.cc-vm.azurerm_network_interface.cc-mgmt-nic",
            "module.cc-vm.azurerm_network_interface.cc-service-nic"
          ]
        },
        {
          "index_key": 1,
          "schema_version": 0,
          "attributes": {
            "backend_address_pool_id": "/subscriptions/72452951-68dc-409e-9588-6f0a85306411/resourceGroups/gch-rg-weu-prod-shared-connectivity-zcc-01/providers/Microsoft.Network/loadBalancers/gch-lb-weu-prod-zcc-01/backendAddressPools/gch-lb-weu-prod-zcc-01-backend",
            "id": "/subscriptions/72452951-68dc-409e-9588-6f0a85306411/resourceGroups/gch-rg-weu-prod-shared-connectivity-zcc-01/providers/Microsoft.Network/networkInterfaces/GCHPLWEUAZZCC02-service-nic/ipConfigurations/GCHPLWEUAZZCC02-service-nic-config|/subscriptions/72452951-68dc-409e-9588-6f0a85306411/resourceGroups/gch-rg-weu-prod-shared-connectivity-zcc-01/providers/Microsoft.Network/loadBalancers/gch-lb-weu-prod-zcc-01/backendAddressPools/gch-lb-weu-prod-zcc-01-backend",
            "ip_configuration_name": "GCHPLWEUAZZCC02-service-nic-config",
            "network_interface_id": "/subscriptions/72452951-68dc-409e-9588-6f0a85306411/resourceGroups/gch-rg-weu-prod-shared-connectivity-zcc-01/providers/Microsoft.Network/networkInterfaces/GCHPLWEUAZZCC02-service-nic",
            "timeouts": null
          },
          "sensitive_attributes": [],
          "private": "eyJlMmJmYjczMC1lY2FhLTExZTYtOGY4OC0zNDM2M2JjN2M0YzAiOnsiY3JlYXRlIjoxODAwMDAwMDAwMDAwLCJkZWxldGUiOjE4MDAwMDAwMDAwMDAsInJlYWQiOjMwMDAwMDAwMDAwMCwidXBkYXRlIjoxODAwMDAwMDAwMDAwfX0=",
          "dependencies": [
            "azurerm_nat_gateway.nat-gw",
            "azurerm_subnet.cc-subnet",
            "azurerm_subnet_nat_gateway_association.subnet-nat-association-ec",
            "data.azurerm_resource_group.main",
            "data.azurerm_virtual_network.vnet",
            "local_file.user-data-file",
            "module.cc-lb.azurerm_lb.cc-lb",
            "module.cc-lb.azurerm_lb_backend_address_pool.cc-lb-backend-pool",
            "module.cc-vm.azurerm_network_interface.cc-mgmt-nic",
            "module.cc-vm.azurerm_network_interface.cc-service-nic"
          ]
        },
        {
          "index_key": 2,
          "schema_version": 0,
          "attributes": {
            "backend_address_pool_id": "/subscriptions/72452951-68dc-409e-9588-6f0a85306411/resourceGroups/gch-rg-weu-prod-shared-connectivity-zcc-01/providers/Microsoft.Network/loadBalancers/gch-lb-weu-prod-zcc-01/backendAddressPools/gch-lb-weu-prod-zcc-01-backend",
            "id": "/subscriptions/72452951-68dc-409e-9588-6f0a85306411/resourceGroups/gch-rg-weu-prod-shared-connectivity-zcc-01/providers/Microsoft.Network/networkInterfaces/GCHPLWEUAZZCC03-service-nic/ipConfigurations/GCHPLWEUAZZCC03-service-nic-config|/subscriptions/72452951-68dc-409e-9588-6f0a85306411/resourceGroups/gch-rg-weu-prod-shared-connectivity-zcc-01/providers/Microsoft.Network/loadBalancers/gch-lb-weu-prod-zcc-01/backendAddressPools/gch-lb-weu-prod-zcc-01-backend",
            "ip_configuration_name": "GCHPLWEUAZZCC03-service-nic-config",
            "network_interface_id": "/subscriptions/72452951-68dc-409e-9588-6f0a85306411/resourceGroups/gch-rg-weu-prod-shared-connectivity-zcc-01/providers/Microsoft.Network/networkInterfaces/GCHPLWEUAZZCC03-service-nic",
            "timeouts": null
          },
          "sensitive_attributes": [],
          "private": "eyJlMmJmYjczMC1lY2FhLTExZTYtOGY4OC0zNDM2M2JjN2M0YzAiOnsiY3JlYXRlIjoxODAwMDAwMDAwMDAwLCJkZWxldGUiOjE4MDAwMDAwMDAwMDAsInJlYWQiOjMwMDAwMDAwMDAwMCwidXBkYXRlIjoxODAwMDAwMDAwMDAwfX0=",
          "dependencies": [
            "azurerm_nat_gateway.nat-gw",
            "azurerm_subnet.cc-subnet",
            "azurerm_subnet_nat_gateway_association.subnet-nat-association-ec",
            "data.azurerm_resource_group.main",
            "data.azurerm_virtual_network.vnet",
            "local_file.user-data-file",
            "module.cc-lb.azurerm_lb.cc-lb",
            "module.cc-lb.azurerm_lb_backend_address_pool.cc-lb-backend-pool",
            "module.cc-vm.azurerm_network_interface.cc-mgmt-nic",
            "module.cc-vm.azurerm_network_interface.cc-service-nic"
          ]
        }
      ]
    },
    {
      "module": "module.cc-vm",
      "mode": "managed",
      "type": "azurerm_network_interface_security_group_association",
      "name": "ec-mgmt-nic-association",
      "provider": "provider[\"registry.terraform.io/hashicorp/azurerm\"]",
      "instances": [
        {
          "index_key": 0,
          "schema_version": 0,
          "attributes": {
            "id": "/subscriptions/72452951-68dc-409e-9588-6f0a85306411/resourceGroups/gch-rg-weu-prod-shared-connectivity-zcc-01/providers/Microsoft.Network/networkInterfaces/GCHPLWEUAZZCC01-mgmt-nic|/subscriptions/72452951-68dc-409e-9588-6f0a85306411/resourceGroups/gch-rg-weu-prod-shared-connectivity-zcc-01/providers/Microsoft.Network/networkSecurityGroups/GCHPLWEUAZZCC01-mgmt-nsg",
            "network_interface_id": "/subscriptions/72452951-68dc-409e-9588-6f0a85306411/resourceGroups/gch-rg-weu-prod-shared-connectivity-zcc-01/providers/Microsoft.Network/networkInterfaces/GCHPLWEUAZZCC01-mgmt-nic",
            "network_security_group_id": "/subscriptions/72452951-68dc-409e-9588-6f0a85306411/resourceGroups/gch-rg-weu-prod-shared-connectivity-zcc-01/providers/Microsoft.Network/networkSecurityGroups/GCHPLWEUAZZCC01-mgmt-nsg",
            "timeouts": null
          },
          "sensitive_attributes": [],
          "private": "eyJlMmJmYjczMC1lY2FhLTExZTYtOGY4OC0zNDM2M2JjN2M0YzAiOnsiY3JlYXRlIjoxODAwMDAwMDAwMDAwLCJkZWxldGUiOjE4MDAwMDAwMDAwMDAsInJlYWQiOjMwMDAwMDAwMDAwMCwidXBkYXRlIjoxODAwMDAwMDAwMDAwfX0=",
          "dependencies": [
            "azurerm_nat_gateway.nat-gw",
            "azurerm_subnet.cc-subnet",
            "azurerm_subnet_nat_gateway_association.subnet-nat-association-ec",
            "data.azurerm_resource_group.main",
            "data.azurerm_virtual_network.vnet",
            "local_file.user-data-file",
            "module.cc-vm.azurerm_network_interface.cc-mgmt-nic",
            "module.cc-vm.azurerm_network_security_group.cc-mgmt-nsg"
          ]
        },
        {
          "index_key": 1,
          "schema_version": 0,
          "attributes": {
            "id": "/subscriptions/72452951-68dc-409e-9588-6f0a85306411/resourceGroups/gch-rg-weu-prod-shared-connectivity-zcc-01/providers/Microsoft.Network/networkInterfaces/GCHPLWEUAZZCC02-mgmt-nic|/subscriptions/72452951-68dc-409e-9588-6f0a85306411/resourceGroups/gch-rg-weu-prod-shared-connectivity-zcc-01/providers/Microsoft.Network/networkSecurityGroups/GCHPLWEUAZZCC02-mgmt-nsg",
            "network_interface_id": "/subscriptions/72452951-68dc-409e-9588-6f0a85306411/resourceGroups/gch-rg-weu-prod-shared-connectivity-zcc-01/providers/Microsoft.Network/networkInterfaces/GCHPLWEUAZZCC02-mgmt-nic",
            "network_security_group_id": "/subscriptions/72452951-68dc-409e-9588-6f0a85306411/resourceGroups/gch-rg-weu-prod-shared-connectivity-zcc-01/providers/Microsoft.Network/networkSecurityGroups/GCHPLWEUAZZCC02-mgmt-nsg",
            "timeouts": null
          },
          "sensitive_attributes": [],
          "private": "eyJlMmJmYjczMC1lY2FhLTExZTYtOGY4OC0zNDM2M2JjN2M0YzAiOnsiY3JlYXRlIjoxODAwMDAwMDAwMDAwLCJkZWxldGUiOjE4MDAwMDAwMDAwMDAsInJlYWQiOjMwMDAwMDAwMDAwMCwidXBkYXRlIjoxODAwMDAwMDAwMDAwfX0=",
          "dependencies": [
            "azurerm_nat_gateway.nat-gw",
            "azurerm_subnet.cc-subnet",
            "azurerm_subnet_nat_gateway_association.subnet-nat-association-ec",
            "data.azurerm_resource_group.main",
            "data.azurerm_virtual_network.vnet",
            "local_file.user-data-file",
            "module.cc-vm.azurerm_network_interface.cc-mgmt-nic",
            "module.cc-vm.azurerm_network_security_group.cc-mgmt-nsg"
          ]
        },
        {
          "index_key": 2,
          "schema_version": 0,
          "attributes": {
            "id": "/subscriptions/72452951-68dc-409e-9588-6f0a85306411/resourceGroups/gch-rg-weu-prod-shared-connectivity-zcc-01/providers/Microsoft.Network/networkInterfaces/GCHPLWEUAZZCC03-mgmt-nic|/subscriptions/72452951-68dc-409e-9588-6f0a85306411/resourceGroups/gch-rg-weu-prod-shared-connectivity-zcc-01/providers/Microsoft.Network/networkSecurityGroups/GCHPLWEUAZZCC03-mgmt-nsg",
            "network_interface_id": "/subscriptions/72452951-68dc-409e-9588-6f0a85306411/resourceGroups/gch-rg-weu-prod-shared-connectivity-zcc-01/providers/Microsoft.Network/networkInterfaces/GCHPLWEUAZZCC03-mgmt-nic",
            "network_security_group_id": "/subscriptions/72452951-68dc-409e-9588-6f0a85306411/resourceGroups/gch-rg-weu-prod-shared-connectivity-zcc-01/providers/Microsoft.Network/networkSecurityGroups/GCHPLWEUAZZCC03-mgmt-nsg",
            "timeouts": null
          },
          "sensitive_attributes": [],
          "private": "eyJlMmJmYjczMC1lY2FhLTExZTYtOGY4OC0zNDM2M2JjN2M0YzAiOnsiY3JlYXRlIjoxODAwMDAwMDAwMDAwLCJkZWxldGUiOjE4MDAwMDAwMDAwMDAsInJlYWQiOjMwMDAwMDAwMDAwMCwidXBkYXRlIjoxODAwMDAwMDAwMDAwfX0=",
          "dependencies": [
            "azurerm_nat_gateway.nat-gw",
            "azurerm_subnet.cc-subnet",
            "azurerm_subnet_nat_gateway_association.subnet-nat-association-ec",
            "data.azurerm_resource_group.main",
            "data.azurerm_virtual_network.vnet",
            "local_file.user-data-file",
            "module.cc-vm.azurerm_network_interface.cc-mgmt-nic",
            "module.cc-vm.azurerm_network_security_group.cc-mgmt-nsg"
          ]
        }
      ]
    },
    {
      "module": "module.cc-vm",
      "mode": "managed",
      "type": "azurerm_network_interface_security_group_association",
      "name": "ec-service-nic-association",
      "provider": "provider[\"registry.terraform.io/hashicorp/azurerm\"]",
      "instances": [
        {
          "index_key": 0,
          "schema_version": 0,
          "attributes": {
            "id": "/subscriptions/72452951-68dc-409e-9588-6f0a85306411/resourceGroups/gch-rg-weu-prod-shared-connectivity-zcc-01/providers/Microsoft.Network/networkInterfaces/GCHPLWEUAZZCC01-service-nic|/subscriptions/72452951-68dc-409e-9588-6f0a85306411/resourceGroups/gch-rg-weu-prod-shared-connectivity-zcc-01/providers/Microsoft.Network/networkSecurityGroups/GCHPLWEUAZZCC01-service-nsg",
            "network_interface_id": "/subscriptions/72452951-68dc-409e-9588-6f0a85306411/resourceGroups/gch-rg-weu-prod-shared-connectivity-zcc-01/providers/Microsoft.Network/networkInterfaces/GCHPLWEUAZZCC01-service-nic",
            "network_security_group_id": "/subscriptions/72452951-68dc-409e-9588-6f0a85306411/resourceGroups/gch-rg-weu-prod-shared-connectivity-zcc-01/providers/Microsoft.Network/networkSecurityGroups/GCHPLWEUAZZCC01-service-nsg",
            "timeouts": null
          },
          "sensitive_attributes": [],
          "private": "eyJlMmJmYjczMC1lY2FhLTExZTYtOGY4OC0zNDM2M2JjN2M0YzAiOnsiY3JlYXRlIjoxODAwMDAwMDAwMDAwLCJkZWxldGUiOjE4MDAwMDAwMDAwMDAsInJlYWQiOjMwMDAwMDAwMDAwMCwidXBkYXRlIjoxODAwMDAwMDAwMDAwfX0=",
          "dependencies": [
            "azurerm_nat_gateway.nat-gw",
            "azurerm_subnet.cc-subnet",
            "azurerm_subnet_nat_gateway_association.subnet-nat-association-ec",
            "data.azurerm_resource_group.main",
            "data.azurerm_virtual_network.vnet",
            "local_file.user-data-file",
            "module.cc-vm.azurerm_network_interface.cc-mgmt-nic",
            "module.cc-vm.azurerm_network_interface.cc-service-nic",
            "module.cc-vm.azurerm_network_security_group.cc-service-nsg"
          ]
        },
        {
          "index_key": 1,
          "schema_version": 0,
          "attributes": {
            "id": "/subscriptions/72452951-68dc-409e-9588-6f0a85306411/resourceGroups/gch-rg-weu-prod-shared-connectivity-zcc-01/providers/Microsoft.Network/networkInterfaces/GCHPLWEUAZZCC02-service-nic|/subscriptions/72452951-68dc-409e-9588-6f0a85306411/resourceGroups/gch-rg-weu-prod-shared-connectivity-zcc-01/providers/Microsoft.Network/networkSecurityGroups/GCHPLWEUAZZCC02-service-nsg",
            "network_interface_id": "/subscriptions/72452951-68dc-409e-9588-6f0a85306411/resourceGroups/gch-rg-weu-prod-shared-connectivity-zcc-01/providers/Microsoft.Network/networkInterfaces/GCHPLWEUAZZCC02-service-nic",
            "network_security_group_id": "/subscriptions/72452951-68dc-409e-9588-6f0a85306411/resourceGroups/gch-rg-weu-prod-shared-connectivity-zcc-01/providers/Microsoft.Network/networkSecurityGroups/GCHPLWEUAZZCC02-service-nsg",
            "timeouts": null
          },
          "sensitive_attributes": [],
          "private": "eyJlMmJmYjczMC1lY2FhLTExZTYtOGY4OC0zNDM2M2JjN2M0YzAiOnsiY3JlYXRlIjoxODAwMDAwMDAwMDAwLCJkZWxldGUiOjE4MDAwMDAwMDAwMDAsInJlYWQiOjMwMDAwMDAwMDAwMCwidXBkYXRlIjoxODAwMDAwMDAwMDAwfX0=",
          "dependencies": [
            "azurerm_nat_gateway.nat-gw",
            "azurerm_subnet.cc-subnet",
            "azurerm_subnet_nat_gateway_association.subnet-nat-association-ec",
            "data.azurerm_resource_group.main",
            "data.azurerm_virtual_network.vnet",
            "local_file.user-data-file",
            "module.cc-vm.azurerm_network_interface.cc-mgmt-nic",
            "module.cc-vm.azurerm_network_interface.cc-service-nic",
            "module.cc-vm.azurerm_network_security_group.cc-service-nsg"
          ]
        },
        {
          "index_key": 2,
          "schema_version": 0,
          "attributes": {
            "id": "/subscriptions/72452951-68dc-409e-9588-6f0a85306411/resourceGroups/gch-rg-weu-prod-shared-connectivity-zcc-01/providers/Microsoft.Network/networkInterfaces/GCHPLWEUAZZCC03-service-nic|/subscriptions/72452951-68dc-409e-9588-6f0a85306411/resourceGroups/gch-rg-weu-prod-shared-connectivity-zcc-01/providers/Microsoft.Network/networkSecurityGroups/GCHPLWEUAZZCC03-service-nsg",
            "network_interface_id": "/subscriptions/72452951-68dc-409e-9588-6f0a85306411/resourceGroups/gch-rg-weu-prod-shared-connectivity-zcc-01/providers/Microsoft.Network/networkInterfaces/GCHPLWEUAZZCC03-service-nic",
            "network_security_group_id": "/subscriptions/72452951-68dc-409e-9588-6f0a85306411/resourceGroups/gch-rg-weu-prod-shared-connectivity-zcc-01/providers/Microsoft.Network/networkSecurityGroups/GCHPLWEUAZZCC03-service-nsg",
            "timeouts": null
          },
          "sensitive_attributes": [],
          "private": "eyJlMmJmYjczMC1lY2FhLTExZTYtOGY4OC0zNDM2M2JjN2M0YzAiOnsiY3JlYXRlIjoxODAwMDAwMDAwMDAwLCJkZWxldGUiOjE4MDAwMDAwMDAwMDAsInJlYWQiOjMwMDAwMDAwMDAwMCwidXBkYXRlIjoxODAwMDAwMDAwMDAwfX0=",
          "dependencies": [
            "azurerm_nat_gateway.nat-gw",
            "azurerm_subnet.cc-subnet",
            "azurerm_subnet_nat_gateway_association.subnet-nat-association-ec",
            "data.azurerm_resource_group.main",
            "data.azurerm_virtual_network.vnet",
            "local_file.user-data-file",
            "module.cc-vm.azurerm_network_interface.cc-mgmt-nic",
            "module.cc-vm.azurerm_network_interface.cc-service-nic",
            "module.cc-vm.azurerm_network_security_group.cc-service-nsg"
          ]
        }
      ]
    },
    {
      "module": "module.cc-vm",
      "mode": "managed",
      "type": "azurerm_network_security_group",
      "name": "cc-mgmt-nsg",
      "provider": "provider[\"registry.terraform.io/hashicorp/azurerm\"]",
      "instances": [
        {
          "index_key": 0,
          "schema_version": 0,
          "attributes": {
            "id": "/subscriptions/72452951-68dc-409e-9588-6f0a85306411/resourceGroups/gch-rg-weu-prod-shared-connectivity-zcc-01/providers/Microsoft.Network/networkSecurityGroups/GCHPLWEUAZZCC01-mgmt-nsg",
            "location": "westeurope",
            "name": "GCHPLWEUAZZCC01-mgmt-nsg",
            "resource_group_name": "gch-rg-weu-prod-shared-connectivity-zcc-01",
            "security_rule": [
              {
                "access": "Allow",
                "description": "",
                "destination_address_prefix": "*",
                "destination_address_prefixes": [],
                "destination_application_security_group_ids": [],
                "destination_port_range": "*",
                "destination_port_ranges": [],
                "direction": "Inbound",
                "name": "ICMP_VNET",
                "priority": 4001,
                "protocol": "Icmp",
                "source_address_prefix": "VirtualNetwork",
                "source_address_prefixes": [],
                "source_application_security_group_ids": [],
                "source_port_range": "*",
                "source_port_ranges": []
              },
              {
                "access": "Allow",
                "description": "",
                "destination_address_prefix": "*",
                "destination_address_prefixes": [],
                "destination_application_security_group_ids": [],
                "destination_port_range": "*",
                "destination_port_ranges": [],
                "direction": "Outbound",
                "name": "OUTBOUND",
                "priority": 4000,
                "protocol": "*",
                "source_address_prefix": "*",
                "source_address_prefixes": [],
                "source_application_security_group_ids": [],
                "source_port_range": "*",
                "source_port_ranges": []
              },
              {
                "access": "Allow",
                "description": "",
                "destination_address_prefix": "*",
                "destination_address_prefixes": [],
                "destination_application_security_group_ids": [],
                "destination_port_range": "22",
                "destination_port_ranges": [],
                "direction": "Inbound",
                "name": "SSH_VNET",
                "priority": 4000,
                "protocol": "Tcp",
                "source_address_prefix": "VirtualNetwork",
                "source_address_prefixes": [],
                "source_application_security_group_ids": [],
                "source_port_range": "*",
                "source_port_ranges": []
              }
            ],
            "tags": {
              "ApplicationSupport": "GenpactProxySupport@genpact.com",
              "Backup": "No",
              "BusinessVertical": "CorpIT",
              "CCCode": "180",
              "Custom-AMI": "TRUE",
              "Department": "shared",
              "DeploymentType": "NN",
              "Exception": "Yes",
              "InstanceSchedule": "24*7",
              "Owner": "keshav.rajput@genpact.com",
              "OwnerSupervisor": "gaurav.demiwal@genpact.com",
              "PID": "shared",
              "PatchGroup": "4th Sat 10:00 AM IST",
              "ProjectName": "GCH Europe Azure Landing Zone",
              "ProvisionedBy": "Terraform",
              "ProvisioningSR": "CHG0079549",
              "RI": "TBD",
              "Role": "Zscaler Cloud Connector",
              "SDOCode": "8561",
              "ServiceType": "IAAS",
              "Stack": "Prod",
              "os-support": "GenpactProxySupport@genpact.com",
              "schedulefordeletion": "No",
              "supportcost": "$"
            },
            "timeouts": null
          },
          "sensitive_attributes": [],
          "private": "eyJlMmJmYjczMC1lY2FhLTExZTYtOGY4OC0zNDM2M2JjN2M0YzAiOnsiY3JlYXRlIjoxODAwMDAwMDAwMDAwLCJkZWxldGUiOjE4MDAwMDAwMDAwMDAsInJlYWQiOjMwMDAwMDAwMDAwMCwidXBkYXRlIjoxODAwMDAwMDAwMDAwfX0=",
          "dependencies": [
            "azurerm_nat_gateway.nat-gw",
            "azurerm_subnet.cc-subnet",
            "azurerm_subnet_nat_gateway_association.subnet-nat-association-ec",
            "data.azurerm_resource_group.main",
            "data.azurerm_virtual_network.vnet",
            "local_file.user-data-file"
          ]
        },
        {
          "index_key": 1,
          "schema_version": 0,
          "attributes": {
            "id": "/subscriptions/72452951-68dc-409e-9588-6f0a85306411/resourceGroups/gch-rg-weu-prod-shared-connectivity-zcc-01/providers/Microsoft.Network/networkSecurityGroups/GCHPLWEUAZZCC02-mgmt-nsg",
            "location": "westeurope",
            "name": "GCHPLWEUAZZCC02-mgmt-nsg",
            "resource_group_name": "gch-rg-weu-prod-shared-connectivity-zcc-01",
            "security_rule": [
              {
                "access": "Allow",
                "description": "",
                "destination_address_prefix": "*",
                "destination_address_prefixes": [],
                "destination_application_security_group_ids": [],
                "destination_port_range": "*",
                "destination_port_ranges": [],
                "direction": "Inbound",
                "name": "ICMP_VNET",
                "priority": 4001,
                "protocol": "Icmp",
                "source_address_prefix": "VirtualNetwork",
                "source_address_prefixes": [],
                "source_application_security_group_ids": [],
                "source_port_range": "*",
                "source_port_ranges": []
              },
              {
                "access": "Allow",
                "description": "",
                "destination_address_prefix": "*",
                "destination_address_prefixes": [],
                "destination_application_security_group_ids": [],
                "destination_port_range": "*",
                "destination_port_ranges": [],
                "direction": "Outbound",
                "name": "OUTBOUND",
                "priority": 4000,
                "protocol": "*",
                "source_address_prefix": "*",
                "source_address_prefixes": [],
                "source_application_security_group_ids": [],
                "source_port_range": "*",
                "source_port_ranges": []
              },
              {
                "access": "Allow",
                "description": "",
                "destination_address_prefix": "*",
                "destination_address_prefixes": [],
                "destination_application_security_group_ids": [],
                "destination_port_range": "22",
                "destination_port_ranges": [],
                "direction": "Inbound",
                "name": "SSH_VNET",
                "priority": 4000,
                "protocol": "Tcp",
                "source_address_prefix": "VirtualNetwork",
                "source_address_prefixes": [],
                "source_application_security_group_ids": [],
                "source_port_range": "*",
                "source_port_ranges": []
              }
            ],
            "tags": {
              "ApplicationSupport": "GenpactProxySupport@genpact.com",
              "Backup": "No",
              "BusinessVertical": "CorpIT",
              "CCCode": "180",
              "Custom-AMI": "TRUE",
              "Department": "shared",
              "DeploymentType": "NN",
              "Exception": "Yes",
              "InstanceSchedule": "24*7",
              "Owner": "keshav.rajput@genpact.com",
              "OwnerSupervisor": "gaurav.demiwal@genpact.com",
              "PID": "shared",
              "PatchGroup": "4th Sat 10:00 AM IST",
              "ProjectName": "GCH Europe Azure Landing Zone",
              "ProvisionedBy": "Terraform",
              "ProvisioningSR": "CHG0079549",
              "RI": "TBD",
              "Role": "Zscaler Cloud Connector",
              "SDOCode": "8561",
              "ServiceType": "IAAS",
              "Stack": "Prod",
              "os-support": "GenpactProxySupport@genpact.com",
              "schedulefordeletion": "No",
              "supportcost": "$"
            },
            "timeouts": null
          },
          "sensitive_attributes": [],
          "private": "eyJlMmJmYjczMC1lY2FhLTExZTYtOGY4OC0zNDM2M2JjN2M0YzAiOnsiY3JlYXRlIjoxODAwMDAwMDAwMDAwLCJkZWxldGUiOjE4MDAwMDAwMDAwMDAsInJlYWQiOjMwMDAwMDAwMDAwMCwidXBkYXRlIjoxODAwMDAwMDAwMDAwfX0=",
          "dependencies": [
            "azurerm_nat_gateway.nat-gw",
            "azurerm_subnet.cc-subnet",
            "azurerm_subnet_nat_gateway_association.subnet-nat-association-ec",
            "data.azurerm_resource_group.main",
            "data.azurerm_virtual_network.vnet",
            "local_file.user-data-file"
          ]
        },
        {
          "index_key": 2,
          "schema_version": 0,
          "attributes": {
            "id": "/subscriptions/72452951-68dc-409e-9588-6f0a85306411/resourceGroups/gch-rg-weu-prod-shared-connectivity-zcc-01/providers/Microsoft.Network/networkSecurityGroups/GCHPLWEUAZZCC03-mgmt-nsg",
            "location": "westeurope",
            "name": "GCHPLWEUAZZCC03-mgmt-nsg",
            "resource_group_name": "gch-rg-weu-prod-shared-connectivity-zcc-01",
            "security_rule": [
              {
                "access": "Allow",
                "description": "",
                "destination_address_prefix": "*",
                "destination_address_prefixes": [],
                "destination_application_security_group_ids": [],
                "destination_port_range": "*",
                "destination_port_ranges": [],
                "direction": "Inbound",
                "name": "ICMP_VNET",
                "priority": 4001,
                "protocol": "Icmp",
                "source_address_prefix": "VirtualNetwork",
                "source_address_prefixes": [],
                "source_application_security_group_ids": [],
                "source_port_range": "*",
                "source_port_ranges": []
              },
              {
                "access": "Allow",
                "description": "",
                "destination_address_prefix": "*",
                "destination_address_prefixes": [],
                "destination_application_security_group_ids": [],
                "destination_port_range": "*",
                "destination_port_ranges": [],
                "direction": "Outbound",
                "name": "OUTBOUND",
                "priority": 4000,
                "protocol": "*",
                "source_address_prefix": "*",
                "source_address_prefixes": [],
                "source_application_security_group_ids": [],
                "source_port_range": "*",
                "source_port_ranges": []
              },
              {
                "access": "Allow",
                "description": "",
                "destination_address_prefix": "*",
                "destination_address_prefixes": [],
                "destination_application_security_group_ids": [],
                "destination_port_range": "22",
                "destination_port_ranges": [],
                "direction": "Inbound",
                "name": "SSH_VNET",
                "priority": 4000,
                "protocol": "Tcp",
                "source_address_prefix": "VirtualNetwork",
                "source_address_prefixes": [],
                "source_application_security_group_ids": [],
                "source_port_range": "*",
                "source_port_ranges": []
              }
            ],
            "tags": {
              "ApplicationSupport": "GenpactProxySupport@genpact.com",
              "Backup": "No",
              "BusinessVertical": "CorpIT",
              "CCCode": "180",
              "Custom-AMI": "TRUE",
              "Department": "shared",
              "DeploymentType": "NN",
              "Exception": "Yes",
              "InstanceSchedule": "24*7",
              "Owner": "keshav.rajput@genpact.com",
              "OwnerSupervisor": "gaurav.demiwal@genpact.com",
              "PID": "shared",
              "PatchGroup": "4th Sat 10:00 AM IST",
              "ProjectName": "GCH Europe Azure Landing Zone",
              "ProvisionedBy": "Terraform",
              "ProvisioningSR": "CHG0079549",
              "RI": "TBD",
              "Role": "Zscaler Cloud Connector",
              "SDOCode": "8561",
              "ServiceType": "IAAS",
              "Stack": "Prod",
              "os-support": "GenpactProxySupport@genpact.com",
              "schedulefordeletion": "No",
              "supportcost": "$"
            },
            "timeouts": null
          },
          "sensitive_attributes": [],
          "private": "eyJlMmJmYjczMC1lY2FhLTExZTYtOGY4OC0zNDM2M2JjN2M0YzAiOnsiY3JlYXRlIjoxODAwMDAwMDAwMDAwLCJkZWxldGUiOjE4MDAwMDAwMDAwMDAsInJlYWQiOjMwMDAwMDAwMDAwMCwidXBkYXRlIjoxODAwMDAwMDAwMDAwfX0=",
          "dependencies": [
            "azurerm_nat_gateway.nat-gw",
            "azurerm_subnet.cc-subnet",
            "azurerm_subnet_nat_gateway_association.subnet-nat-association-ec",
            "data.azurerm_resource_group.main",
            "data.azurerm_virtual_network.vnet",
            "local_file.user-data-file"
          ]
        }
      ]
    },
    {
      "module": "module.cc-vm",
      "mode": "managed",
      "type": "azurerm_network_security_group",
      "name": "cc-service-nsg",
      "provider": "provider[\"registry.terraform.io/hashicorp/azurerm\"]",
      "instances": [
        {
          "index_key": 0,
          "schema_version": 0,
          "attributes": {
            "id": "/subscriptions/72452951-68dc-409e-9588-6f0a85306411/resourceGroups/gch-rg-weu-prod-shared-connectivity-zcc-01/providers/Microsoft.Network/networkSecurityGroups/GCHPLWEUAZZCC01-service-nsg",
            "location": "westeurope",
            "name": "GCHPLWEUAZZCC01-service-nsg",
            "resource_group_name": "gch-rg-weu-prod-shared-connectivity-zcc-01",
            "security_rule": [
              {
                "access": "Allow",
                "description": "",
                "destination_address_prefix": "*",
                "destination_address_prefixes": [],
                "destination_application_security_group_ids": [],
                "destination_port_range": "*",
                "destination_port_ranges": [],
                "direction": "Inbound",
                "name": "ALL_VNET",
                "priority": 4000,
                "protocol": "*",
                "source_address_prefix": "VirtualNetwork",
                "source_address_prefixes": [],
                "source_application_security_group_ids": [],
                "source_port_range": "*",
                "source_port_ranges": []
              },
              {
                "access": "Allow",
                "description": "",
                "destination_address_prefix": "*",
                "destination_address_prefixes": [],
                "destination_application_security_group_ids": [],
                "destination_port_range": "*",
                "destination_port_ranges": [],
                "direction": "Outbound",
                "name": "OUTBOUND",
                "priority": 4000,
                "protocol": "*",
                "source_address_prefix": "*",
                "source_address_prefixes": [],
                "source_application_security_group_ids": [],
                "source_port_range": "*",
                "source_port_ranges": []
              }
            ],
            "tags": {
              "ApplicationSupport": "GenpactProxySupport@genpact.com",
              "Backup": "No",
              "BusinessVertical": "CorpIT",
              "CCCode": "180",
              "Custom-AMI": "TRUE",
              "Department": "shared",
              "DeploymentType": "NN",
              "Exception": "Yes",
              "InstanceSchedule": "24*7",
              "Owner": "keshav.rajput@genpact.com",
              "OwnerSupervisor": "gaurav.demiwal@genpact.com",
              "PID": "shared",
              "PatchGroup": "4th Sat 10:00 AM IST",
              "ProjectName": "GCH Europe Azure Landing Zone",
              "ProvisionedBy": "Terraform",
              "ProvisioningSR": "CHG0079549",
              "RI": "TBD",
              "Role": "Zscaler Cloud Connector",
              "SDOCode": "8561",
              "ServiceType": "IAAS",
              "Stack": "Prod",
              "os-support": "GenpactProxySupport@genpact.com",
              "schedulefordeletion": "No",
              "supportcost": "$"
            },
            "timeouts": null
          },
          "sensitive_attributes": [],
          "private": "eyJlMmJmYjczMC1lY2FhLTExZTYtOGY4OC0zNDM2M2JjN2M0YzAiOnsiY3JlYXRlIjoxODAwMDAwMDAwMDAwLCJkZWxldGUiOjE4MDAwMDAwMDAwMDAsInJlYWQiOjMwMDAwMDAwMDAwMCwidXBkYXRlIjoxODAwMDAwMDAwMDAwfX0=",
          "dependencies": [
            "azurerm_nat_gateway.nat-gw",
            "azurerm_subnet.cc-subnet",
            "azurerm_subnet_nat_gateway_association.subnet-nat-association-ec",
            "data.azurerm_resource_group.main",
            "data.azurerm_virtual_network.vnet",
            "local_file.user-data-file"
          ]
        },
        {
          "index_key": 1,
          "schema_version": 0,
          "attributes": {
            "id": "/subscriptions/72452951-68dc-409e-9588-6f0a85306411/resourceGroups/gch-rg-weu-prod-shared-connectivity-zcc-01/providers/Microsoft.Network/networkSecurityGroups/GCHPLWEUAZZCC02-service-nsg",
            "location": "westeurope",
            "name": "GCHPLWEUAZZCC02-service-nsg",
            "resource_group_name": "gch-rg-weu-prod-shared-connectivity-zcc-01",
            "security_rule": [
              {
                "access": "Allow",
                "description": "",
                "destination_address_prefix": "*",
                "destination_address_prefixes": [],
                "destination_application_security_group_ids": [],
                "destination_port_range": "*",
                "destination_port_ranges": [],
                "direction": "Inbound",
                "name": "ALL_VNET",
                "priority": 4000,
                "protocol": "*",
                "source_address_prefix": "VirtualNetwork",
                "source_address_prefixes": [],
                "source_application_security_group_ids": [],
                "source_port_range": "*",
                "source_port_ranges": []
              },
              {
                "access": "Allow",
                "description": "",
                "destination_address_prefix": "*",
                "destination_address_prefixes": [],
                "destination_application_security_group_ids": [],
                "destination_port_range": "*",
                "destination_port_ranges": [],
                "direction": "Outbound",
                "name": "OUTBOUND",
                "priority": 4000,
                "protocol": "*",
                "source_address_prefix": "*",
                "source_address_prefixes": [],
                "source_application_security_group_ids": [],
                "source_port_range": "*",
                "source_port_ranges": []
              }
            ],
            "tags": {
              "ApplicationSupport": "GenpactProxySupport@genpact.com",
              "Backup": "No",
              "BusinessVertical": "CorpIT",
              "CCCode": "180",
              "Custom-AMI": "TRUE",
              "Department": "shared",
              "DeploymentType": "NN",
              "Exception": "Yes",
              "InstanceSchedule": "24*7",
              "Owner": "keshav.rajput@genpact.com",
              "OwnerSupervisor": "gaurav.demiwal@genpact.com",
              "PID": "shared",
              "PatchGroup": "4th Sat 10:00 AM IST",
              "ProjectName": "GCH Europe Azure Landing Zone",
              "ProvisionedBy": "Terraform",
              "ProvisioningSR": "CHG0079549",
              "RI": "TBD",
              "Role": "Zscaler Cloud Connector",
              "SDOCode": "8561",
              "ServiceType": "IAAS",
              "Stack": "Prod",
              "os-support": "GenpactProxySupport@genpact.com",
              "schedulefordeletion": "No",
              "supportcost": "$"
            },
            "timeouts": null
          },
          "sensitive_attributes": [],
          "private": "eyJlMmJmYjczMC1lY2FhLTExZTYtOGY4OC0zNDM2M2JjN2M0YzAiOnsiY3JlYXRlIjoxODAwMDAwMDAwMDAwLCJkZWxldGUiOjE4MDAwMDAwMDAwMDAsInJlYWQiOjMwMDAwMDAwMDAwMCwidXBkYXRlIjoxODAwMDAwMDAwMDAwfX0=",
          "dependencies": [
            "azurerm_nat_gateway.nat-gw",
            "azurerm_subnet.cc-subnet",
            "azurerm_subnet_nat_gateway_association.subnet-nat-association-ec",
            "data.azurerm_resource_group.main",
            "data.azurerm_virtual_network.vnet",
            "local_file.user-data-file"
          ]
        },
        {
          "index_key": 2,
          "schema_version": 0,
          "attributes": {
            "id": "/subscriptions/72452951-68dc-409e-9588-6f0a85306411/resourceGroups/gch-rg-weu-prod-shared-connectivity-zcc-01/providers/Microsoft.Network/networkSecurityGroups/GCHPLWEUAZZCC03-service-nsg",
            "location": "westeurope",
            "name": "GCHPLWEUAZZCC03-service-nsg",
            "resource_group_name": "gch-rg-weu-prod-shared-connectivity-zcc-01",
            "security_rule": [
              {
                "access": "Allow",
                "description": "",
                "destination_address_prefix": "*",
                "destination_address_prefixes": [],
                "destination_application_security_group_ids": [],
                "destination_port_range": "*",
                "destination_port_ranges": [],
                "direction": "Inbound",
                "name": "ALL_VNET",
                "priority": 4000,
                "protocol": "*",
                "source_address_prefix": "VirtualNetwork",
                "source_address_prefixes": [],
                "source_application_security_group_ids": [],
                "source_port_range": "*",
                "source_port_ranges": []
              },
              {
                "access": "Allow",
                "description": "",
                "destination_address_prefix": "*",
                "destination_address_prefixes": [],
                "destination_application_security_group_ids": [],
                "destination_port_range": "*",
                "destination_port_ranges": [],
                "direction": "Outbound",
                "name": "OUTBOUND",
                "priority": 4000,
                "protocol": "*",
                "source_address_prefix": "*",
                "source_address_prefixes": [],
                "source_application_security_group_ids": [],
                "source_port_range": "*",
                "source_port_ranges": []
              }
            ],
            "tags": {
              "ApplicationSupport": "GenpactProxySupport@genpact.com",
              "Backup": "No",
              "BusinessVertical": "CorpIT",
              "CCCode": "180",
              "Custom-AMI": "TRUE",
              "Department": "shared",
              "DeploymentType": "NN",
              "Exception": "Yes",
              "InstanceSchedule": "24*7",
              "Owner": "keshav.rajput@genpact.com",
              "OwnerSupervisor": "gaurav.demiwal@genpact.com",
              "PID": "shared",
              "PatchGroup": "4th Sat 10:00 AM IST",
              "ProjectName": "GCH Europe Azure Landing Zone",
              "ProvisionedBy": "Terraform",
              "ProvisioningSR": "CHG0079549",
              "RI": "TBD",
              "Role": "Zscaler Cloud Connector",
              "SDOCode": "8561",
              "ServiceType": "IAAS",
              "Stack": "Prod",
              "os-support": "GenpactProxySupport@genpact.com",
              "schedulefordeletion": "No",
              "supportcost": "$"
            },
            "timeouts": null
          },
          "sensitive_attributes": [],
          "private": "eyJlMmJmYjczMC1lY2FhLTExZTYtOGY4OC0zNDM2M2JjN2M0YzAiOnsiY3JlYXRlIjoxODAwMDAwMDAwMDAwLCJkZWxldGUiOjE4MDAwMDAwMDAwMDAsInJlYWQiOjMwMDAwMDAwMDAwMCwidXBkYXRlIjoxODAwMDAwMDAwMDAwfX0=",
          "dependencies": [
            "azurerm_nat_gateway.nat-gw",
            "azurerm_subnet.cc-subnet",
            "azurerm_subnet_nat_gateway_association.subnet-nat-association-ec",
            "data.azurerm_resource_group.main",
            "data.azurerm_virtual_network.vnet",
            "local_file.user-data-file"
          ]
        }
      ]
    }
  ],
  "check_results": null
}
